PODS:
  - ActionSheetPicker-3.0 (2.3.0)
  - AFNetworking (3.2.1):
    - AFNetworking/NSURLSession (= 3.2.1)
    - AFNetworking/Reachability (= 3.2.1)
    - AFNetworking/Security (= 3.2.1)
    - AFNetworking/Serialization (= 3.2.1)
    - AFNetworking/UIKit (= 3.2.1)
  - AFNetworking/NSURLSession (3.2.1):
    - AFNetworking/Reachability
    - AFNetworking/Security
    - AFNetworking/Serialization
  - AFNetworking/Reachability (3.2.1)
  - AFNetworking/Security (3.2.1)
  - AFNetworking/Serialization (3.2.1)
  - AFNetworking/UIKit (3.2.1):
    - AFNetworking/NSURLSession
  - Alamofire (4.7.3)
  - AlamofireNetworkActivityIndicator (2.3.0):
    - Alamofire (~> 4.7)
  - Bolts (1.9.0):
    - Bolts/AppLinks (= 1.9.0)
    - Bolts/Tasks (= 1.9.0)
  - Bolts/AppLinks (1.9.0):
    - Bolts/Tasks
  - Bolts/Tasks (1.9.0)
  - FBSDKCoreKit (4.37.0):
    - Bolts (~> 1.7)
  - FBSDKLoginKit (4.37.0):
    - FBSDKCoreKit
  - Firebase/Core (5.9.0):
    - Firebase/CoreOnly
    - FirebaseAnalytics (= 5.2.0)
  - Firebase/CoreOnly (5.9.0):
    - FirebaseCore (= 5.1.4)
  - Firebase/Messaging (5.9.0):
    - Firebase/CoreOnly
    - FirebaseMessaging (= 3.1.2)
  - FirebaseAnalytics (5.2.0):
    - FirebaseCore (~> 5.1)
    - FirebaseInstanceID (~> 3.2)
    - GoogleAppMeasurement (~> 5.2)
    - GoogleUtilities/AppDelegateSwizzler (~> 5.2)
    - GoogleUtilities/MethodSwizzler (~> 5.2)
    - GoogleUtilities/Network (~> 5.2)
    - "GoogleUtilities/NSData+zlib (~> 5.2)"
    - nanopb (~> 0.3)
  - FirebaseCore (5.1.4):
    - GoogleUtilities/Logger (~> 5.2)
  - FirebaseInstanceID (3.2.2):
    - FirebaseCore (~> 5.1)
    - GoogleUtilities/Environment (~> 5.3)
    - GoogleUtilities/UserDefaults (~> 5.3)
  - FirebaseMessaging (3.1.2):
    - FirebaseCore (~> 5.0)
    - FirebaseInstanceID (~> 3.0)
    - GoogleUtilities/Reachability (~> 5.2)
    - Protobuf (~> 3.1)
  - GoogleAppMeasurement (5.2.0):
    - GoogleUtilities/AppDelegateSwizzler (~> 5.2)
    - GoogleUtilities/MethodSwizzler (~> 5.2)
    - GoogleUtilities/Network (~> 5.2)
    - "GoogleUtilities/NSData+zlib (~> 5.2)"
    - nanopb (~> 0.3)
  - GoogleUtilities/AppDelegateSwizzler (5.3.0):
    - GoogleUtilities/Environment
    - GoogleUtilities/Logger
    - GoogleUtilities/Network
  - GoogleUtilities/Environment (5.3.0)
  - GoogleUtilities/Logger (5.3.0):
    - GoogleUtilities/Environment
  - GoogleUtilities/MethodSwizzler (5.3.0):
    - GoogleUtilities/Logger
  - GoogleUtilities/Network (5.3.0):
    - GoogleUtilities/Logger
    - "GoogleUtilities/NSData+zlib"
    - GoogleUtilities/Reachability
  - "GoogleUtilities/NSData+zlib (5.3.0)"
  - GoogleUtilities/Reachability (5.3.0):
    - GoogleUtilities/Logger
  - GoogleUtilities/UserDefaults (5.3.0):
    - GoogleUtilities/Logger
  - InputMask (4.0.1)
  - JSQMessagesViewController (7.3.4):
    - JSQSystemSoundPlayer (~> 2.0.1)
  - JSQSystemSoundPlayer (2.0.1)
  - MIBadgeButton-Swift (0.5)
  - nanopb (0.3.8):
    - nanopb/decode (= 0.3.8)
    - nanopb/encode (= 0.3.8)
  - nanopb/decode (0.3.8)
  - nanopb/encode (0.3.8)
  - ObjectMapper (3.3.0)
  - "ObjectMapper+Realm (0.6)":
    - ObjectMapper
    - RealmSwift
  - Protobuf (3.6.1)
  - PryntTrimmerView (3.0.0)
  - RBBAnimation (0.4.0)
  - Realm (3.11.0):
    - Realm/Headers (= 3.11.0)
  - Realm/Headers (3.11.0)
  - RealmSwift (3.11.0):
    - Realm (= 3.11.0)
  - SDCAlertView (2.5.4):
    - RBBAnimation (~> 0.3)
    - SDCAutoLayout (~> 2.0)
  - SDCAutoLayout (2.0.3)
  - SDWebImage (4.4.2):
    - SDWebImage/Core (= 4.4.2)
  - SDWebImage/Core (4.4.2)
  - SimpleKeychain (0.8.1)
  - SimulatorStatusMagic (2.3)
  - SKPhotoBrowser (6.0.0)
  - SteviaLayout (4.4.0)
  - SVProgressHUD (2.2.5)
  - SwiftLint (0.27.0)
  - SwiftMessages (6.0.0):
    - SwiftMessages/App (= 6.0.0)
  - SwiftMessages/App (6.0.0)
  - TPKeyboardAvoiding (1.3.2)
  - UIScrollView-InfiniteScroll (1.1.0)
  - YPImagePicker (3.5.1):
    - PryntTrimmerView (~> 3.0.0)
    - SteviaLayout (~> 4.4.0)

DEPENDENCIES:
  - ActionSheetPicker-3.0 (~> 2.3.0)
  - AFNetworking (~> 3.2)
  - Alamofire (~> 4.7)
  - AlamofireNetworkActivityIndicator (~> 2.2)
  - FBSDKCoreKit
  - FBSDKLoginKit
  - Firebase/Core
  - Firebase/Messaging
  - InputMask
  - JSQMessagesViewController (from `https://github.com/caronae/JSQMessagesViewController.git`, branch `issue-1864`)
  - MIBadgeButton-Swift (from `https://github.com/mustafaibrahim989/MIBadgeButton-Swift.git`, branch `master`)
  - ObjectMapper (~> 3.1)
  - "ObjectMapper+Realm (~> 0.5)"
  - RealmSwift (~> 3.5)
  - SDCAlertView (= 2.5.4)
  - SDWebImage (~> 4.3)
  - SimpleKeychain (~> 0.8)
  - SimulatorStatusMagic
  - SKPhotoBrowser (~> 6.0)
  - SVProgressHUD
  - SwiftLint
  - SwiftMessages
  - TPKeyboardAvoiding (~> 1.3.2)
  - UIScrollView-InfiniteScroll
  - YPImagePicker (~> 3.0)

SPEC REPOS:
  https://github.com/cocoapods/specs.git:
    - ActionSheetPicker-3.0
    - AFNetworking
    - Alamofire
    - AlamofireNetworkActivityIndicator
    - Bolts
    - FBSDKCoreKit
    - FBSDKLoginKit
    - Firebase
    - FirebaseAnalytics
    - FirebaseCore
    - FirebaseInstanceID
    - FirebaseMessaging
    - GoogleAppMeasurement
    - GoogleUtilities
    - InputMask
    - JSQSystemSoundPlayer
    - nanopb
    - ObjectMapper
    - "ObjectMapper+Realm"
    - Protobuf
    - PryntTrimmerView
    - RBBAnimation
    - Realm
    - RealmSwift
    - SDCAlertView
    - SDCAutoLayout
    - SDWebImage
    - SimpleKeychain
    - SimulatorStatusMagic
    - SKPhotoBrowser
    - SteviaLayout
    - SVProgressHUD
    - SwiftLint
    - SwiftMessages
    - TPKeyboardAvoiding
    - UIScrollView-InfiniteScroll
    - YPImagePicker

EXTERNAL SOURCES:
  JSQMessagesViewController:
    :branch: issue-1864
    :git: https://github.com/caronae/JSQMessagesViewController.git
  MIBadgeButton-Swift:
    :branch: master
    :git: https://github.com/mustafaibrahim989/MIBadgeButton-Swift.git

CHECKOUT OPTIONS:
  JSQMessagesViewController:
    :commit: 1c03f1f20d7df02cd136126193add013fd0ca78e
    :git: https://github.com/caronae/JSQMessagesViewController.git
  MIBadgeButton-Swift:
    :commit: 44b28fd7c9071439861f9b0c366c84a55ffd7e53
    :git: https://github.com/mustafaibrahim989/MIBadgeButton-Swift.git

SPEC CHECKSUMS:
  ActionSheetPicker-3.0: eef157d75e151f255c5333d26656c7fbfe905a51
  AFNetworking: b6f891fdfaed196b46c7a83cf209e09697b94057
  Alamofire: c7287b6e5d7da964a70935e5db17046b7fde6568
  AlamofireNetworkActivityIndicator: 18346ff6d770d9513d0ac6f2d99706f40f93dbaa
  Bolts: ac6567323eac61e203f6a9763667d0f711be34c8
  FBSDKCoreKit: fe5f3474499a81963e11e3f3a5c753d0a95ca2b4
  FBSDKLoginKit: 2f7249686d1e30ce8a5ef5400eedf50b3e3df332
  Firebase: 383fa29aca93e371cab776b48a5c66544d3c2003
  FirebaseAnalytics: 831f1f127f4a75698e9875a87bf7e2668730d953
  FirebaseCore: 2a84b6b325792a4319ef71ee18819dcba08d2fd7
  FirebaseInstanceID: 78ba376fcd5b94c001f9999b2cbd3d1f1e56e78d
  FirebaseMessaging: d6feeb06218d2675b4149b0ada925a6b707a74cf
  GoogleAppMeasurement: 2b3a023a61239c8d002e6e4fcf4abce8eddce0e0
  GoogleUtilities: 760ccb53b7c7f40f9c02d8c241f76f841a7a6162
  InputMask: 2eb0dd868885f5ba061db2640db0b17265bb95eb
  JSQMessagesViewController: 39fed975e3c9f8eba7292071e29eeb541d105e66
  JSQSystemSoundPlayer: c5850e77a4363ffd374cd851154b9af93264ed8d
  MIBadgeButton-Swift: 9e57309b00b168d75ca8fecb45bc75124a8ffddf
  nanopb: 5601e6bca2dbf1ed831b519092ec110f66982ca3
  ObjectMapper: b612bf8c8e99c4dc0bb6013a51f7c27966ed5da9
  "ObjectMapper+Realm": 4cf44ed3202a73f08594e21e13eb3f8aa9b5a664
  Protobuf: 1eb9700044745f00181c136ef21b8ff3ad5a0fd5
  PryntTrimmerView: 53ac64053c7ce63cb3e27f54090f52da0734891d
  RBBAnimation: 4b2d66f6d993febce63cd564da934985313b9c59
  Realm: 92f09a102692b96a9a10e9617f214f15c5ab85fc
  RealmSwift: 5f0481cd658bb751c509314b964a35eaa264d2cf
  SDCAlertView: 2e2b0ecc5f1ec367e45d83efa2e512688ca7fa55
  SDCAutoLayout: e6885bb39ab8e2ec2ff84d158f38035f025f7420
  SDWebImage: 624d6e296c69b244bcede364c72ae0430ac14681
  SimpleKeychain: e2485c28d82fcece35e9e41faeac42ebfe614815
  SimulatorStatusMagic: 631fe6e4195a8a8d587ad8744af9015126526cc2
  SKPhotoBrowser: 76eb862685761707b5745fde7762757966565e07
  SteviaLayout: dd74d1abd127bbf0ce346ac9430441684fe427d0
  SVProgressHUD: 1428aafac632c1f86f62aa4243ec12008d7a51d6
  SwiftLint: 3207c1faa2240bf8973b191820a116113cd11073
  SwiftMessages: da7c981256a65b3e58022d9027a36584cf4eccf5
  TPKeyboardAvoiding: cb69d5ddbe90ce0170e4bc2db1e5e41d4a3ad9a4
  UIScrollView-InfiniteScroll: 3ef456bcbe759c19f510a383cff96e6647c98c98
  YPImagePicker: 63571f23673d54f743522fdf9d7765ab55e4be60

PODFILE CHECKSUM: 31365520c4119ff2720468febaeef957b01b6899

COCOAPODS: 1.5.3
