PODS:
  - ActionSheetPicker-3.0 (2.3.0)
  - AFNetworking (3.2.0):
    - AFNetworking/NSURLSession (= 3.2.0)
    - AFNetworking/Reachability (= 3.2.0)
    - AFNetworking/Security (= 3.2.0)
    - AFNetworking/Serialization (= 3.2.0)
    - AFNetworking/UIKit (= 3.2.0)
  - AFNetworking/NSURLSession (3.2.0):
    - AFNetworking/Reachability
    - AFNetworking/Security
    - AFNetworking/Serialization
  - AFNetworking/Reachability (3.2.0)
  - AFNetworking/Security (3.2.0)
  - AFNetworking/Serialization (3.2.0)
  - AFNetworking/UIKit (3.2.0):
    - AFNetworking/NSURLSession
  - Bolts (1.9.0):
    - Bolts/AppLinks (= 1.9.0)
    - Bolts/Tasks (= 1.9.0)
  - Bolts/AppLinks (1.9.0):
    - Bolts/Tasks
  - Bolts/Tasks (1.9.0)
  - FBSDKCoreKit (4.32.0):
    - Bolts (~> 1.7)
  - FBSDKLoginKit (4.32.0):
    - FBSDKCoreKit
  - Firebase/Core (4.13.0):
    - FirebaseAnalytics (= 4.2.0)
    - FirebaseCore (= 4.0.20)
  - Firebase/Messaging (4.13.0):
    - Firebase/Core
    - FirebaseMessaging (= 2.2.0)
  - FirebaseAnalytics (4.2.0):
    - FirebaseCore (~> 4.0)
    - FirebaseInstanceID (~> 2.0)
    - "GoogleToolboxForMac/NSData+zlib (~> 2.1)"
    - nanopb (~> 0.3)
  - FirebaseCore (4.0.20):
    - "GoogleToolboxForMac/NSData+zlib (~> 2.1)"
  - FirebaseInstanceID (2.0.10):
    - FirebaseCore (~> 4.0)
  - FirebaseMessaging (2.2.0):
    - FirebaseAnalytics (~> 4.1)
    - FirebaseCore (~> 4.0)
    - FirebaseInstanceID (~> 2.0)
    - GoogleToolboxForMac/Logger (~> 2.1)
    - Protobuf (~> 3.5)
  - GoogleToolboxForMac/Defines (2.1.3)
  - GoogleToolboxForMac/Logger (2.1.3):
    - GoogleToolboxForMac/Defines (= 2.1.3)
  - "GoogleToolboxForMac/NSData+zlib (2.1.3)":
    - GoogleToolboxForMac/Defines (= 2.1.3)
  - InputMask (3.2.0)
  - JSQMessagesViewController (7.3.4):
    - JSQSystemSoundPlayer (~> 2.0.1)
  - JSQSystemSoundPlayer (2.0.1)
  - MIBadgeButton-Swift (0.5)
  - nanopb (0.3.8):
    - nanopb/decode (= 0.3.8)
    - nanopb/encode (= 0.3.8)
  - nanopb/decode (0.3.8)
  - nanopb/encode (0.3.8)
  - ObjectMapper (3.1.0)
  - "ObjectMapper+Realm (0.5)":
    - ObjectMapper
    - RealmSwift
  - Protobuf (3.5.0)
  - PryntTrimmerView (2.0.1)
  - RBBAnimation (0.4.0)
  - Realm (3.4.0):
    - Realm/Headers (= 3.4.0)
  - Realm/Headers (3.4.0)
  - RealmSwift (3.4.0):
    - Realm (= 3.4.0)
  - SDCAlertView (2.5.4):
    - RBBAnimation (~> 0.3)
    - SDCAutoLayout (~> 2.0)
  - SDCAutoLayout (2.0.3)
  - SDWebImage (4.3.3):
    - SDWebImage/Core (= 4.3.3)
  - SDWebImage/Core (4.3.3)
  - SimpleKeychain (0.8.0)
  - SimulatorStatusMagic (2.1)
  - SteviaLayout (4.2.0)
  - SVProgressHUD (2.0.3)
  - SwiftMessages (4.1.2)
  - TPKeyboardAvoiding (1.3.2)
  - UIScrollView-InfiniteScroll (1.1.0)
  - "UITextView+Placeholder (1.2.0)"
  - YPImagePicker (3.0.0):
    - PryntTrimmerView (~> 2.0)
    - SteviaLayout (~> 4.2.0)

DEPENDENCIES:
  - ActionSheetPicker-3.0 (~> 2.3.0)
  - AFNetworking (~> 3.2)
  - FBSDKCoreKit
  - FBSDKLoginKit
  - Firebase/Messaging
  - InputMask
  - JSQMessagesViewController (from `https://github.com/caronae/JSQMessagesViewController.git`, branch `issue-1864`)
  - MIBadgeButton-Swift (from `https://github.com/mustafaibrahim989/MIBadgeButton-Swift.git`, branch `master`)
  - ObjectMapper (~> 3.1)
  - "ObjectMapper+Realm (~> 0.5)"
  - RealmSwift (~> 3.4)
  - SDCAlertView (= 2.5.4)
  - SDWebImage (~> 4.3)
  - SimpleKeychain (~> 0.8)
  - SimulatorStatusMagic
  - SVProgressHUD
  - SwiftMessages
  - TPKeyboardAvoiding (~> 1.3.2)
  - UIScrollView-InfiniteScroll
  - "UITextView+Placeholder (~> 1.2)"
  - YPImagePicker (~> 3.0)

SPEC REPOS:
  https://github.com/CocoaPods/Specs.git:
    - ActionSheetPicker-3.0
    - AFNetworking
    - Bolts
    - FBSDKCoreKit
    - FBSDKLoginKit
    - Firebase
    - FirebaseAnalytics
    - FirebaseCore
    - FirebaseInstanceID
    - FirebaseMessaging
    - GoogleToolboxForMac
    - InputMask
    - JSQSystemSoundPlayer
    - nanopb
    - ObjectMapper
    - "ObjectMapper+Realm"
    - Protobuf
    - PryntTrimmerView
    - RBBAnimation
    - Realm
    - RealmSwift
    - SDCAlertView
    - SDCAutoLayout
    - SDWebImage
    - SimpleKeychain
    - SimulatorStatusMagic
    - SteviaLayout
    - SVProgressHUD
    - SwiftMessages
    - TPKeyboardAvoiding
    - UIScrollView-InfiniteScroll
    - "UITextView+Placeholder"
    - YPImagePicker

EXTERNAL SOURCES:
  JSQMessagesViewController:
    :branch: issue-1864
    :git: https://github.com/caronae/JSQMessagesViewController.git
  MIBadgeButton-Swift:
    :branch: master
    :git: https://github.com/mustafaibrahim989/MIBadgeButton-Swift.git

CHECKOUT OPTIONS:
  JSQMessagesViewController:
    :commit: 1c03f1f20d7df02cd136126193add013fd0ca78e
    :git: https://github.com/caronae/JSQMessagesViewController.git
  MIBadgeButton-Swift:
    :commit: 44b28fd7c9071439861f9b0c366c84a55ffd7e53
    :git: https://github.com/mustafaibrahim989/MIBadgeButton-Swift.git

SPEC CHECKSUMS:
  ActionSheetPicker-3.0: eef157d75e151f255c5333d26656c7fbfe905a51
  AFNetworking: 8ac6017b94ea105479f7776e5288e48ae9c59bb4
  Bolts: ac6567323eac61e203f6a9763667d0f711be34c8
  FBSDKCoreKit: 55d7f2ac45d9c4b9b6119f4e43900fe84b9b7b1b
  FBSDKLoginKit: 32ac05c2a59952c363c2e85aafa8f73ba93bcbad
  Firebase: 5ec5e863d269d82d66b4bf56856726f8fb8f0fb3
  FirebaseAnalytics: 7ef69e76a5142f643aeb47c780e1cdce4e23632e
  FirebaseCore: 90cb1c53d69b556f112a1bf72b5fcfaad7650790
  FirebaseInstanceID: 8d20d890d65c917f9f7d9950b6e10a760ad34321
  FirebaseMessaging: 75cdb862e86c30e0913a2ff307e48d49357c5b73
  GoogleToolboxForMac: 2501e2ad72a52eb3dfe7bd9aee7dad11b858bd20
  InputMask: fabe1e7c1b862fefd69950ba11b027cea9513149
  JSQMessagesViewController: 39fed975e3c9f8eba7292071e29eeb541d105e66
  JSQSystemSoundPlayer: c5850e77a4363ffd374cd851154b9af93264ed8d
  MIBadgeButton-Swift: 9e57309b00b168d75ca8fecb45bc75124a8ffddf
  nanopb: 5601e6bca2dbf1ed831b519092ec110f66982ca3
  ObjectMapper: 20505058f54e5c3ca69e1d6de9897d152a5369a6
  "ObjectMapper+Realm": 3188789fb77c189c7a83cb625333a607eb61a08f
  Protobuf: 8a9838fba8dae3389230e1b7f8c104aa32389c03
  PryntTrimmerView: 4260ae497a2f3e1bbfc0b71247eb74ab92bf0490
  RBBAnimation: 4b2d66f6d993febce63cd564da934985313b9c59
  Realm: 9527c7baa2260f3a3aad6823d2d71cafff9b046b
  RealmSwift: f40a747beaea1cadde7dcef41ee5a34b3001677b
  SDCAlertView: 2e2b0ecc5f1ec367e45d83efa2e512688ca7fa55
  SDCAutoLayout: e6885bb39ab8e2ec2ff84d158f38035f025f7420
  SDWebImage: de4d90b5bff3571eae7bd16202b1f43135409fa5
  SimpleKeychain: 84c748463eec601dfee5e7990f55cc82edc5488d
  SimulatorStatusMagic: 481558caf2b9ccb2ceba2cc193728d4db3dcac07
  SteviaLayout: 0d2112caea45707695e8c718262c8ea3dd37ef17
  SVProgressHUD: b0830714205bea1317ea1a2ebc71e5633af334d4
  SwiftMessages: d81f48c1f8b6bc1dbebdfffe11226f0344f937ca
  TPKeyboardAvoiding: cb69d5ddbe90ce0170e4bc2db1e5e41d4a3ad9a4
  UIScrollView-InfiniteScroll: 3ef456bcbe759c19f510a383cff96e6647c98c98
  "UITextView+Placeholder": 77680995fcdd07c3f52ec92fe1150874a2ac89ff
  YPImagePicker: 817ae068f084a6f132312e66255347d1ce82782d

PODFILE CHECKSUM: d36724d7ecc35fb3505fbe026801f5c329a62196

COCOAPODS: 1.5.0
