PODS:
  - ActionSheetPicker-3.0 (2.2.0)
  - AFNetworking (2.6.3):
    - AFNetworking/NSURLConnection (= 2.6.3)
    - AFNetworking/NSURLSession (= 2.6.3)
    - AFNetworking/Reachability (= 2.6.3)
    - AFNetworking/Security (= 2.6.3)
    - AFNetworking/Serialization (= 2.6.3)
    - AFNetworking/UIKit (= 2.6.3)
  - AFNetworking/NSURLConnection (2.6.3):
    - AFNetworking/Reachability
    - AFNetworking/Security
    - AFNetworking/Serialization
  - AFNetworking/NSURLSession (2.6.3):
    - AFNetworking/Reachability
    - AFNetworking/Security
    - AFNetworking/Serialization
  - AFNetworking/Reachability (2.6.3)
  - AFNetworking/Security (2.6.3)
  - AFNetworking/Serialization (2.6.3)
  - AFNetworking/UIKit (2.6.3):
    - AFNetworking/NSURLConnection
    - AFNetworking/NSURLSession
  - Bolts (1.8.4):
    - Bolts/AppLinks (= 1.8.4)
    - Bolts/Tasks (= 1.8.4)
  - Bolts/AppLinks (1.8.4):
    - Bolts/Tasks
  - Bolts/Tasks (1.8.4)
  - CRToast (0.0.9)
  - FBSDKCoreKit (4.28.0):
    - Bolts (~> 1.7)
  - FBSDKLoginKit (4.28.0):
    - FBSDKCoreKit
  - Firebase/Core (4.6.0):
    - FirebaseAnalytics (= 4.0.5)
    - FirebaseCore (= 4.0.11)
  - Firebase/Messaging (4.6.0):
    - Firebase/Core
    - FirebaseMessaging (= 2.0.6)
  - FirebaseAnalytics (4.0.5):
    - FirebaseCore (~> 4.0)
    - FirebaseInstanceID (~> 2.0)
    - GoogleToolboxForMac/NSData+zlib (~> 2.1)
    - nanopb (~> 0.3)
  - FirebaseCore (4.0.11):
    - GoogleToolboxForMac/NSData+zlib (~> 2.1)
  - FirebaseInstanceID (2.0.6)
  - FirebaseMessaging (2.0.6):
    - FirebaseAnalytics (~> 4.0)
    - FirebaseCore (~> 4.0)
    - FirebaseInstanceID (~> 2.0)
    - GoogleToolboxForMac/Logger (~> 2.1)
    - Protobuf (~> 3.1)
  - GoogleToolboxForMac/Defines (2.1.3)
  - GoogleToolboxForMac/Logger (2.1.3):
    - GoogleToolboxForMac/Defines (= 2.1.3)
  - GoogleToolboxForMac/NSData+zlib (2.1.3):
    - GoogleToolboxForMac/Defines (= 2.1.3)
  - JSQMessagesViewController (7.3.4):
    - JSQSystemSoundPlayer (~> 2.0.1)
  - JSQSystemSoundPlayer (2.0.1)
  - MIBadgeButton-Swift (0.5)
  - nanopb (0.3.8):
    - nanopb/decode (= 0.3.8)
    - nanopb/encode (= 0.3.8)
  - nanopb/decode (0.3.8)
  - nanopb/encode (0.3.8)
  - ObjectMapper (3.1.0)
  - ObjectMapper+Realm (0.5):
    - ObjectMapper
    - RealmSwift
  - Protobuf (3.5.0)
  - RBBAnimation (0.4.0)
  - Realm (3.0.2):
    - Realm/Headers (= 3.0.2)
  - Realm/Headers (3.0.2)
  - RealmSwift (3.0.2):
    - Realm (= 3.0.2)
  - SDCAlertView (2.5.4):
    - RBBAnimation (~> 0.3)
    - SDCAutoLayout (~> 2.0)
  - SDCAutoLayout (2.0.3)
  - SDWebImage (3.8.2):
    - SDWebImage/Core (= 3.8.2)
  - SDWebImage/Core (3.8.2)
  - SHSPhoneComponent (2.15)
  - SVProgressHUD (2.0.3)
  - TPKeyboardAvoiding (1.3.1)
  - UIScrollView-InfiniteScroll (0.9.1)
  - UITextView+Placeholder (1.2.0)

DEPENDENCIES:
  - ActionSheetPicker-3.0 (~> 2.2.0)
  - AFNetworking (~> 2.6.3)
  - CRToast (~> 0.0.7)
  - FBSDKCoreKit
  - FBSDKLoginKit
  - Firebase/Messaging
  - JSQMessagesViewController (from `https://github.com/caronae/JSQMessagesViewController.git`, branch `issue-1864`)
  - MIBadgeButton-Swift (from `https://github.com/mustafaibrahim989/MIBadgeButton-Swift.git`, branch `master`)
  - ObjectMapper (~> 3.1)
  - ObjectMapper+Realm (~> 0.5)
  - RealmSwift (~> 3.0)
  - SDCAlertView (= 2.5.4)
  - SDWebImage (~> 3.8.2)
  - SHSPhoneComponent
  - SVProgressHUD
  - TPKeyboardAvoiding (~> 1.3.1)
  - UIScrollView-InfiniteScroll
  - UITextView+Placeholder (~> 1.2)

EXTERNAL SOURCES:
  JSQMessagesViewController:
    :branch: issue-1864
    :git: https://github.com/caronae/JSQMessagesViewController.git
  MIBadgeButton-Swift:
    :branch: master
    :git: https://github.com/mustafaibrahim989/MIBadgeButton-Swift.git

CHECKOUT OPTIONS:
  JSQMessagesViewController:
    :commit: 1c03f1f20d7df02cd136126193add013fd0ca78e
    :git: https://github.com/caronae/JSQMessagesViewController.git
  MIBadgeButton-Swift:
    :commit: 44b28fd7c9071439861f9b0c366c84a55ffd7e53
    :git: https://github.com/mustafaibrahim989/MIBadgeButton-Swift.git

SPEC CHECKSUMS:
  ActionSheetPicker-3.0: d11a4c12c6aaf704b8a3f56d179198c99f3e41e6
  AFNetworking: cb8d14a848e831097108418f5d49217339d4eb60
  Bolts: 8a7995239dbe724f9cba2248b766d48b7ebdd322
  CRToast: 5a78c22b921c5ed3487488af605bc403a9c92fed
  FBSDKCoreKit: ca961e279113f691fd83dc634c0bbad9d4e3f370
  FBSDKLoginKit: b077381c27d800f21661757e8140cf2c80a91e4a
  Firebase: 27321a925aa85520618255a7c630859e0502ccbd
  FirebaseAnalytics: 5b02a63ead2c3f0259cfc7f15e053e440587ecf8
  FirebaseCore: 2a946ece8fbe3ce1fdeeb55324f273caade22df9
  FirebaseInstanceID: 24958382a1011bba5aaff37e334e7a650b9118f5
  FirebaseMessaging: 75d83375b0f7a9911568d7bdd1a1a8261cbcbdef
  GoogleToolboxForMac: 2501e2ad72a52eb3dfe7bd9aee7dad11b858bd20
  JSQMessagesViewController: 39fed975e3c9f8eba7292071e29eeb541d105e66
  JSQSystemSoundPlayer: c5850e77a4363ffd374cd851154b9af93264ed8d
  MIBadgeButton-Swift: 9e57309b00b168d75ca8fecb45bc75124a8ffddf
  nanopb: 5601e6bca2dbf1ed831b519092ec110f66982ca3
  ObjectMapper: 20505058f54e5c3ca69e1d6de9897d152a5369a6
  ObjectMapper+Realm: 3188789fb77c189c7a83cb625333a607eb61a08f
  Protobuf: 8a9838fba8dae3389230e1b7f8c104aa32389c03
  RBBAnimation: 4b2d66f6d993febce63cd564da934985313b9c59
  Realm: 6f23fd1f178a09342eac21bfa7c2bf4312a7a180
  RealmSwift: 695393add1b8f9d5fa75dd16e6355cf3935f71e2
  SDCAlertView: 2e2b0ecc5f1ec367e45d83efa2e512688ca7fa55
  SDCAutoLayout: e6885bb39ab8e2ec2ff84d158f38035f025f7420
  SDWebImage: 098e97e6176540799c27e804c96653ee0833d13c
  SHSPhoneComponent: 4cec0653a150ad63cbc52b0c8b29ce2d3c9c26f0
  SVProgressHUD: b0830714205bea1317ea1a2ebc71e5633af334d4
  TPKeyboardAvoiding: 0d6af20e95e2850f4c621841225b59ec7d8dd852
  UIScrollView-InfiniteScroll: 14e204c50ca4040467e1cbfa141dad7a18919b56
  UITextView+Placeholder: 77680995fcdd07c3f52ec92fe1150874a2ac89ff

PODFILE CHECKSUM: 83b508dcf42aaab43a1909d34f889ee1dee66810

COCOAPODS: 1.3.1
