// !$*UTF8*$!
{
	archiveVersion = 1;
	classes = {
	};
	objectVersion = 46;
	objects = {

/* Begin PBXBuildFile section */
		A302B29B1BF4439300FA161D /* CreateRideTests.m in Sources */ = {isa = PBXBuildFile; fileRef = A302B29A1BF4439300FA161D /* CreateRideTests.m */; };
		A3169C951BED842D00A0D428 /* main.m in Sources */ = {isa = PBXBuildFile; fileRef = A3169C941BED842D00A0D428 /* main.m */; };
		A3169C981BED842D00A0D428 /* AppDelegate.m in Sources */ = {isa = PBXBuildFile; fileRef = A3169C971BED842D00A0D428 /* AppDelegate.m */; };
		A3169C9B1BED842D00A0D428 /* TokenViewController.m in Sources */ = {isa = PBXBuildFile; fileRef = A3169C9A1BED842D00A0D428 /* TokenViewController.m */; };
		A3169C9E1BED842D00A0D428 /* Main.storyboard in Resources */ = {isa = PBXBuildFile; fileRef = A3169C9C1BED842D00A0D428 /* Main.storyboard */; };
		A3169CA11BED842D00A0D428 /* Caronae.xcdatamodeld in Sources */ = {isa = PBXBuildFile; fileRef = A3169C9F1BED842D00A0D428 /* Caronae.xcdatamodeld */; };
		A3169CA31BED842D00A0D428 /* Assets.xcassets in Resources */ = {isa = PBXBuildFile; fileRef = A3169CA21BED842D00A0D428 /* Assets.xcassets */; };
		A3169CA61BED842D00A0D428 /* LaunchScreen.storyboard in Resources */ = {isa = PBXBuildFile; fileRef = A3169CA41BED842D00A0D428 /* LaunchScreen.storyboard */; };
		A3169CCB1BED893F00A0D428 /* CaronaeTextField.m in Sources */ = {isa = PBXBuildFile; fileRef = A3169CCA1BED893F00A0D428 /* CaronaeTextField.m */; };
		A3180F871C618DDF007195DF /* ChatStore.m in Sources */ = {isa = PBXBuildFile; fileRef = A3180F861C618DDF007195DF /* ChatStore.m */; };
		A325DA701C0CAFD700B9124E /* JoinRequestCell.m in Sources */ = {isa = PBXBuildFile; fileRef = A325DA6E1C0CAFD700B9124E /* JoinRequestCell.m */; };
		A325DA711C0CAFD700B9124E /* JoinRequestCell.xib in Resources */ = {isa = PBXBuildFile; fileRef = A325DA6F1C0CAFD700B9124E /* JoinRequestCell.xib */; };
		A32B80B61C2C6EBE00FC370A /* FalaeViewController.m in Sources */ = {isa = PBXBuildFile; fileRef = A32B80B51C2C6EBE00FC370A /* FalaeViewController.m */; };
		A32C77261C41EEE30098583B /* AllRidesViewController.m in Sources */ = {isa = PBXBuildFile; fileRef = A32C77251C41EEE30098583B /* AllRidesViewController.m */; };
		A33BC29E1C1C91840065BC03 /* FBSDKCoreKit.framework in Frameworks */ = {isa = PBXBuildFile; fileRef = A33BC29D1C1C91840065BC03 /* FBSDKCoreKit.framework */; };
		A33BC2A01C1C92810065BC03 /* FBSDKLoginKit.framework in Frameworks */ = {isa = PBXBuildFile; fileRef = A33BC29F1C1C92810065BC03 /* FBSDKLoginKit.framework */; };
		A33FABEA1BEE8E93008B4F51 /* CreateRideViewController.m in Sources */ = {isa = PBXBuildFile; fileRef = A33FABE91BEE8E93008B4F51 /* CreateRideViewController.m */; };
		A34312C71BF01B9A005BA311 /* MenuViewController.m in Sources */ = {isa = PBXBuildFile; fileRef = A34312C61BF01B9A005BA311 /* MenuViewController.m */; };
		A34312CA1BF01C1D005BA311 /* ProfileViewController.m in Sources */ = {isa = PBXBuildFile; fileRef = A34312C91BF01C1D005BA311 /* ProfileViewController.m */; };
		A34312CD1BF01C26005BA311 /* EditProfileViewController.m in Sources */ = {isa = PBXBuildFile; fileRef = A34312CC1BF01C26005BA311 /* EditProfileViewController.m */; };
		A357EF331C56C5A100AC8096 /* RideListController.m in Sources */ = {isa = PBXBuildFile; fileRef = A357EF311C56C5A100AC8096 /* RideListController.m */; };
		A357EF341C56C5A100AC8096 /* RideListController.xib in Resources */ = {isa = PBXBuildFile; fileRef = A357EF321C56C5A100AC8096 /* RideListController.xib */; };
		A357EF371C57168D00AC8096 /* SignupViewController.m in Sources */ = {isa = PBXBuildFile; fileRef = A357EF361C57168D00AC8096 /* SignupViewController.m */; };
		A35D472B1C2092A300501647 /* RidesHistoryViewController.m in Sources */ = {isa = PBXBuildFile; fileRef = A35D472A1C2092A300501647 /* RidesHistoryViewController.m */; };
		A374623F1C4D7B59000B802C /* ZoneSelectionInputViewController.m in Sources */ = {isa = PBXBuildFile; fileRef = A374623E1C4D7B59000B802C /* ZoneSelectionInputViewController.m */; };
		A375D2FB1C19175A00795CAE /* CaronaeAlertController.m in Sources */ = {isa = PBXBuildFile; fileRef = A375D2FA1C19175A00795CAE /* CaronaeAlertController.m */; };
		A37E80DB1C5F007900683F27 /* ChatViewController.m in Sources */ = {isa = PBXBuildFile; fileRef = A37E80DA1C5F007900683F27 /* ChatViewController.m */; };
		A37E80DE1C5F00D300683F27 /* Chat.m in Sources */ = {isa = PBXBuildFile; fileRef = A37E80DD1C5F00D300683F27 /* Chat.m */; };
		A37E80E11C5F011100683F27 /* Message.m in Sources */ = {isa = PBXBuildFile; fileRef = A37E80E01C5F011100683F27 /* Message.m */; };
		A37E80E41C5F0C3000683F27 /* MessageBubbleTableViewCell.m in Sources */ = {isa = PBXBuildFile; fileRef = A37E80E31C5F0C3000683F27 /* MessageBubbleTableViewCell.m */; };
		A37E80E71C5F158600683F27 /* UIImage+imageWithTint.swift in Sources */ = {isa = PBXBuildFile; fileRef = A37E80E61C5F158600683F27 /* UIImage+imageWithTint.swift */; };
		A38598451C66D83A00279D6F /* Notification+CoreDataProperties.m in Sources */ = {isa = PBXBuildFile; fileRef = A38598421C66D83A00279D6F /* Notification+CoreDataProperties.m */; };
		A38598461C66D83A00279D6F /* Notification.m in Sources */ = {isa = PBXBuildFile; fileRef = A38598441C66D83A00279D6F /* Notification.m */; };
		A38598491C691D1400279D6F /* User.m in Sources */ = {isa = PBXBuildFile; fileRef = A38598481C691D1400279D6F /* User.m */; };
		A385984B1C6923D000279D6F /* UserTests.m in Sources */ = {isa = PBXBuildFile; fileRef = A385984A1C6923D000279D6F /* UserTests.m */; };
		A389902D1C58734700C7CD2D /* GoogleService-Info.plist in Resources */ = {isa = PBXBuildFile; fileRef = A389902B1C58734700C7CD2D /* GoogleService-Info.plist */; };
		A389902F1C58735B00C7CD2D /* GoogleService-Info.plist in Resources */ = {isa = PBXBuildFile; fileRef = A389902B1C58734700C7CD2D /* GoogleService-Info.plist */; };
		A38F1D4D1C0398B500DEF6B1 /* RideCell.m in Sources */ = {isa = PBXBuildFile; fileRef = A38F1D4C1C0398B500DEF6B1 /* RideCell.m */; };
		A398BE051C6D7DEC00CEA6A1 /* CaronaePhoneTextField.m in Sources */ = {isa = PBXBuildFile; fileRef = A398BE041C6D7DEC00CEA6A1 /* CaronaePhoneTextField.m */; };
		A3996D2D1C13AC0900D2E890 /* SearchResultsViewController.m in Sources */ = {isa = PBXBuildFile; fileRef = A3996D2C1C13AC0900D2E890 /* SearchResultsViewController.m */; };
		A39BA2EC1C6C0F3A0063DDD1 /* TabBarController.m in Sources */ = {isa = PBXBuildFile; fileRef = A39BA2EB1C6C0F3A0063DDD1 /* TabBarController.m */; };
		A39BBCF61C048E4D00EF9EBD /* SearchRideViewController.m in Sources */ = {isa = PBXBuildFile; fileRef = A39BBCF51C048E4D00EF9EBD /* SearchRideViewController.m */; };
		A39BBCFF1C06296200EF9EBD /* Ride.m in Sources */ = {isa = PBXBuildFile; fileRef = A39BBCFE1C06296200EF9EBD /* Ride.m */; };
		A39BBD031C06378E00EF9EBD /* NSDate+nextHour.m in Sources */ = {isa = PBXBuildFile; fileRef = A39BBD021C06378E00EF9EBD /* NSDate+nextHour.m */; };
		A39BBD051C06AB9D00EF9EBD /* RideCell.xib in Resources */ = {isa = PBXBuildFile; fileRef = A39BBD041C06AB9D00EF9EBD /* RideCell.xib */; };
		A39BBD0B1C06B94E00EF9EBD /* RideViewController.m in Sources */ = {isa = PBXBuildFile; fileRef = A39BBD0A1C06B94E00EF9EBD /* RideViewController.m */; };
		A3A4A4AF1C4C695800CF4CB2 /* NSString+validation.m in Sources */ = {isa = PBXBuildFile; fileRef = A3A4A4AE1C4C695800CF4CB2 /* NSString+validation.m */; };
		A3AD19CA1BED9BFB003EDA17 /* ActiveRidesViewController.m in Sources */ = {isa = PBXBuildFile; fileRef = A3AD19C91BED9BFB003EDA17 /* ActiveRidesViewController.m */; };
		A3B5AEFF1BF1AAC10026A889 /* CaronaeDefaults.m in Sources */ = {isa = PBXBuildFile; fileRef = A3B5AEFE1BF1AAC10026A889 /* CaronaeDefaults.m */; };
		A3B5AF061BF1ADF30026A889 /* MyRidesViewController.m in Sources */ = {isa = PBXBuildFile; fileRef = A3B5AF051BF1ADF30026A889 /* MyRidesViewController.m */; };
		A3B5AF111BF2F0560026A889 /* CALayer+UIColor.m in Sources */ = {isa = PBXBuildFile; fileRef = A3B5AF101BF2F0560026A889 /* CALayer+UIColor.m */; };
		A3C55BDA1C5FB19A00C84204 /* Message+CoreDataProperties.m in Sources */ = {isa = PBXBuildFile; fileRef = A3C55BD91C5FB19A00C84204 /* Message+CoreDataProperties.m */; };
		A3EE026C1C17D01000A8407E /* RiderCell.m in Sources */ = {isa = PBXBuildFile; fileRef = A3EE026B1C17D01000A8407E /* RiderCell.m */; };
		A3F30EE91C08166F0024BE37 /* NSDictionary+dictionaryWithoutNulls.m in Sources */ = {isa = PBXBuildFile; fileRef = A3F30EE81C08166F0024BE37 /* NSDictionary+dictionaryWithoutNulls.m */; };
		A3F30EED1C0890C10024BE37 /* ZoneCell.m in Sources */ = {isa = PBXBuildFile; fileRef = A3F30EEC1C0890C10024BE37 /* ZoneCell.m */; };
		A3F30EF01C0891520024BE37 /* ZoneSelectionViewController.m in Sources */ = {isa = PBXBuildFile; fileRef = A3F30EEF1C0891520024BE37 /* ZoneSelectionViewController.m */; };
		A3F30EF21C08ABDC0024BE37 /* bairros.csv in Resources */ = {isa = PBXBuildFile; fileRef = A3F30EF11C08ABDC0024BE37 /* bairros.csv */; };
		CA6E9412F08ECA00330BBD7E /* libPods.a in Frameworks */ = {isa = PBXBuildFile; fileRef = A7DA16FE6BC427F62DBE27E5 /* libPods.a */; };
		DB044265D99E3F78D5BF8658 /* libPods.a in Frameworks */ = {isa = PBXBuildFile; fileRef = A7DA16FE6BC427F62DBE27E5 /* libPods.a */; };
/* End PBXBuildFile section */

/* Begin PBXContainerItemProxy section */
		A3169CAD1BED842D00A0D428 /* PBXContainerItemProxy */ = {
			isa = PBXContainerItemProxy;
			containerPortal = A3169C881BED842D00A0D428 /* Project object */;
			proxyType = 1;
			remoteGlobalIDString = A3169C8F1BED842D00A0D428;
			remoteInfo = Caronae;
		};
/* End PBXContainerItemProxy section */

/* Begin PBXFileReference section */
		7A6BECEDB68F9DCBC935D1ED /* Pods.release.xcconfig */ = {isa = PBXFileReference; includeInIndex = 1; lastKnownFileType = text.xcconfig; name = Pods.release.xcconfig; path = "Pods/Target Support Files/Pods/Pods.release.xcconfig"; sourceTree = "<group>"; };
		A302B29A1BF4439300FA161D /* CreateRideTests.m */ = {isa = PBXFileReference; fileEncoding = 4; lastKnownFileType = sourcecode.c.objc; path = CreateRideTests.m; sourceTree = "<group>"; };
		A3169C901BED842D00A0D428 /* Caronae.app */ = {isa = PBXFileReference; explicitFileType = wrapper.application; includeInIndex = 0; path = Caronae.app; sourceTree = BUILT_PRODUCTS_DIR; };
		A3169C941BED842D00A0D428 /* main.m */ = {isa = PBXFileReference; lastKnownFileType = sourcecode.c.objc; path = main.m; sourceTree = "<group>"; };
		A3169C961BED842D00A0D428 /* AppDelegate.h */ = {isa = PBXFileReference; lastKnownFileType = sourcecode.c.h; path = AppDelegate.h; sourceTree = "<group>"; };
		A3169C971BED842D00A0D428 /* AppDelegate.m */ = {isa = PBXFileReference; lastKnownFileType = sourcecode.c.objc; path = AppDelegate.m; sourceTree = "<group>"; };
		A3169C991BED842D00A0D428 /* TokenViewController.h */ = {isa = PBXFileReference; lastKnownFileType = sourcecode.c.h; path = TokenViewController.h; sourceTree = "<group>"; };
		A3169C9A1BED842D00A0D428 /* TokenViewController.m */ = {isa = PBXFileReference; lastKnownFileType = sourcecode.c.objc; path = TokenViewController.m; sourceTree = "<group>"; };
		A3169C9D1BED842D00A0D428 /* Base */ = {isa = PBXFileReference; lastKnownFileType = file.storyboard; name = Base; path = Base.lproj/Main.storyboard; sourceTree = "<group>"; };
		A3169CA01BED842D00A0D428 /* Caronae.xcdatamodel */ = {isa = PBXFileReference; lastKnownFileType = wrapper.xcdatamodel; path = Caronae.xcdatamodel; sourceTree = "<group>"; };
		A3169CA21BED842D00A0D428 /* Assets.xcassets */ = {isa = PBXFileReference; lastKnownFileType = folder.assetcatalog; path = Assets.xcassets; sourceTree = "<group>"; };
		A3169CA51BED842D00A0D428 /* Base */ = {isa = PBXFileReference; lastKnownFileType = file.storyboard; name = Base; path = Base.lproj/LaunchScreen.storyboard; sourceTree = "<group>"; };
		A3169CA71BED842D00A0D428 /* Info.plist */ = {isa = PBXFileReference; lastKnownFileType = text.plist.xml; path = Info.plist; sourceTree = "<group>"; };
		A3169CAC1BED842D00A0D428 /* CaronaeTests.xctest */ = {isa = PBXFileReference; explicitFileType = wrapper.cfbundle; includeInIndex = 0; path = CaronaeTests.xctest; sourceTree = BUILT_PRODUCTS_DIR; };
		A3169CB21BED842D00A0D428 /* Info.plist */ = {isa = PBXFileReference; lastKnownFileType = text.plist.xml; path = Info.plist; sourceTree = "<group>"; };
		A3169CC91BED893F00A0D428 /* CaronaeTextField.h */ = {isa = PBXFileReference; fileEncoding = 4; lastKnownFileType = sourcecode.c.h; path = CaronaeTextField.h; sourceTree = "<group>"; };
		A3169CCA1BED893F00A0D428 /* CaronaeTextField.m */ = {isa = PBXFileReference; fileEncoding = 4; lastKnownFileType = sourcecode.c.objc; path = CaronaeTextField.m; sourceTree = "<group>"; };
		A3180F851C618DDF007195DF /* ChatStore.h */ = {isa = PBXFileReference; fileEncoding = 4; lastKnownFileType = sourcecode.c.h; path = ChatStore.h; sourceTree = "<group>"; };
		A3180F861C618DDF007195DF /* ChatStore.m */ = {isa = PBXFileReference; fileEncoding = 4; lastKnownFileType = sourcecode.c.objc; path = ChatStore.m; sourceTree = "<group>"; };
		A325DA6D1C0CAFD700B9124E /* JoinRequestCell.h */ = {isa = PBXFileReference; fileEncoding = 4; lastKnownFileType = sourcecode.c.h; path = JoinRequestCell.h; sourceTree = "<group>"; };
		A325DA6E1C0CAFD700B9124E /* JoinRequestCell.m */ = {isa = PBXFileReference; fileEncoding = 4; lastKnownFileType = sourcecode.c.objc; path = JoinRequestCell.m; sourceTree = "<group>"; };
		A325DA6F1C0CAFD700B9124E /* JoinRequestCell.xib */ = {isa = PBXFileReference; fileEncoding = 4; lastKnownFileType = file.xib; path = JoinRequestCell.xib; sourceTree = "<group>"; };
		A32B80B41C2C6EBE00FC370A /* FalaeViewController.h */ = {isa = PBXFileReference; fileEncoding = 4; lastKnownFileType = sourcecode.c.h; path = FalaeViewController.h; sourceTree = "<group>"; };
		A32B80B51C2C6EBE00FC370A /* FalaeViewController.m */ = {isa = PBXFileReference; fileEncoding = 4; lastKnownFileType = sourcecode.c.objc; path = FalaeViewController.m; sourceTree = "<group>"; };
		A32C77241C41EEE30098583B /* AllRidesViewController.h */ = {isa = PBXFileReference; fileEncoding = 4; lastKnownFileType = sourcecode.c.h; path = AllRidesViewController.h; sourceTree = "<group>"; };
		A32C77251C41EEE30098583B /* AllRidesViewController.m */ = {isa = PBXFileReference; fileEncoding = 4; lastKnownFileType = sourcecode.c.objc; path = AllRidesViewController.m; sourceTree = "<group>"; };
		A33BC29D1C1C91840065BC03 /* FBSDKCoreKit.framework */ = {isa = PBXFileReference; lastKnownFileType = wrapper.framework; path = FBSDKCoreKit.framework; sourceTree = "<group>"; };
		A33BC29F1C1C92810065BC03 /* FBSDKLoginKit.framework */ = {isa = PBXFileReference; lastKnownFileType = wrapper.framework; path = FBSDKLoginKit.framework; sourceTree = "<group>"; };
		A33FABE81BEE8E93008B4F51 /* CreateRideViewController.h */ = {isa = PBXFileReference; fileEncoding = 4; lastKnownFileType = sourcecode.c.h; path = CreateRideViewController.h; sourceTree = "<group>"; };
		A33FABE91BEE8E93008B4F51 /* CreateRideViewController.m */ = {isa = PBXFileReference; fileEncoding = 4; lastKnownFileType = sourcecode.c.objc; path = CreateRideViewController.m; sourceTree = "<group>"; };
		A34312C51BF01B9A005BA311 /* MenuViewController.h */ = {isa = PBXFileReference; fileEncoding = 4; lastKnownFileType = sourcecode.c.h; path = MenuViewController.h; sourceTree = "<group>"; };
		A34312C61BF01B9A005BA311 /* MenuViewController.m */ = {isa = PBXFileReference; fileEncoding = 4; lastKnownFileType = sourcecode.c.objc; path = MenuViewController.m; sourceTree = "<group>"; };
		A34312C81BF01C1D005BA311 /* ProfileViewController.h */ = {isa = PBXFileReference; fileEncoding = 4; lastKnownFileType = sourcecode.c.h; path = ProfileViewController.h; sourceTree = "<group>"; };
		A34312C91BF01C1D005BA311 /* ProfileViewController.m */ = {isa = PBXFileReference; fileEncoding = 4; lastKnownFileType = sourcecode.c.objc; path = ProfileViewController.m; sourceTree = "<group>"; };
		A34312CB1BF01C26005BA311 /* EditProfileViewController.h */ = {isa = PBXFileReference; fileEncoding = 4; lastKnownFileType = sourcecode.c.h; path = EditProfileViewController.h; sourceTree = "<group>"; };
		A34312CC1BF01C26005BA311 /* EditProfileViewController.m */ = {isa = PBXFileReference; fileEncoding = 4; lastKnownFileType = sourcecode.c.objc; path = EditProfileViewController.m; sourceTree = "<group>"; };
		A357EF301C56C5A100AC8096 /* RideListController.h */ = {isa = PBXFileReference; fileEncoding = 4; lastKnownFileType = sourcecode.c.h; path = RideListController.h; sourceTree = "<group>"; };
		A357EF311C56C5A100AC8096 /* RideListController.m */ = {isa = PBXFileReference; fileEncoding = 4; lastKnownFileType = sourcecode.c.objc; path = RideListController.m; sourceTree = "<group>"; };
		A357EF321C56C5A100AC8096 /* RideListController.xib */ = {isa = PBXFileReference; fileEncoding = 4; lastKnownFileType = file.xib; path = RideListController.xib; sourceTree = "<group>"; };
		A357EF351C57168D00AC8096 /* SignupViewController.h */ = {isa = PBXFileReference; fileEncoding = 4; lastKnownFileType = sourcecode.c.h; path = SignupViewController.h; sourceTree = "<group>"; };
		A357EF361C57168D00AC8096 /* SignupViewController.m */ = {isa = PBXFileReference; fileEncoding = 4; lastKnownFileType = sourcecode.c.objc; path = SignupViewController.m; sourceTree = "<group>"; };
		A35D47291C2092A300501647 /* RidesHistoryViewController.h */ = {isa = PBXFileReference; fileEncoding = 4; lastKnownFileType = sourcecode.c.h; path = RidesHistoryViewController.h; sourceTree = "<group>"; };
		A35D472A1C2092A300501647 /* RidesHistoryViewController.m */ = {isa = PBXFileReference; fileEncoding = 4; lastKnownFileType = sourcecode.c.objc; path = RidesHistoryViewController.m; sourceTree = "<group>"; };
		A374623D1C4D7B59000B802C /* ZoneSelectionInputViewController.h */ = {isa = PBXFileReference; fileEncoding = 4; lastKnownFileType = sourcecode.c.h; path = ZoneSelectionInputViewController.h; sourceTree = "<group>"; };
		A374623E1C4D7B59000B802C /* ZoneSelectionInputViewController.m */ = {isa = PBXFileReference; fileEncoding = 4; lastKnownFileType = sourcecode.c.objc; path = ZoneSelectionInputViewController.m; sourceTree = "<group>"; };
		A375D2F91C19175A00795CAE /* CaronaeAlertController.h */ = {isa = PBXFileReference; fileEncoding = 4; lastKnownFileType = sourcecode.c.h; path = CaronaeAlertController.h; sourceTree = "<group>"; };
		A375D2FA1C19175A00795CAE /* CaronaeAlertController.m */ = {isa = PBXFileReference; fileEncoding = 4; lastKnownFileType = sourcecode.c.objc; path = CaronaeAlertController.m; sourceTree = "<group>"; };
		A37E80D91C5F007900683F27 /* ChatViewController.h */ = {isa = PBXFileReference; fileEncoding = 4; lastKnownFileType = sourcecode.c.h; path = ChatViewController.h; sourceTree = "<group>"; };
		A37E80DA1C5F007900683F27 /* ChatViewController.m */ = {isa = PBXFileReference; fileEncoding = 4; lastKnownFileType = sourcecode.c.objc; path = ChatViewController.m; sourceTree = "<group>"; };
		A37E80DC1C5F00D300683F27 /* Chat.h */ = {isa = PBXFileReference; fileEncoding = 4; lastKnownFileType = sourcecode.c.h; path = Chat.h; sourceTree = "<group>"; };
		A37E80DD1C5F00D300683F27 /* Chat.m */ = {isa = PBXFileReference; fileEncoding = 4; lastKnownFileType = sourcecode.c.objc; path = Chat.m; sourceTree = "<group>"; };
		A37E80DF1C5F011100683F27 /* Message.h */ = {isa = PBXFileReference; fileEncoding = 4; lastKnownFileType = sourcecode.c.h; path = Message.h; sourceTree = "<group>"; };
		A37E80E01C5F011100683F27 /* Message.m */ = {isa = PBXFileReference; fileEncoding = 4; lastKnownFileType = sourcecode.c.objc; path = Message.m; sourceTree = "<group>"; };
		A37E80E21C5F0C3000683F27 /* MessageBubbleTableViewCell.h */ = {isa = PBXFileReference; fileEncoding = 4; lastKnownFileType = sourcecode.c.h; path = MessageBubbleTableViewCell.h; sourceTree = "<group>"; };
		A37E80E31C5F0C3000683F27 /* MessageBubbleTableViewCell.m */ = {isa = PBXFileReference; fileEncoding = 4; lastKnownFileType = sourcecode.c.objc; path = MessageBubbleTableViewCell.m; sourceTree = "<group>"; };
		A37E80E51C5F158600683F27 /* Caronae-Bridging-Header.h */ = {isa = PBXFileReference; lastKnownFileType = sourcecode.c.h; path = "Caronae-Bridging-Header.h"; sourceTree = "<group>"; };
		A37E80E61C5F158600683F27 /* UIImage+imageWithTint.swift */ = {isa = PBXFileReference; fileEncoding = 4; lastKnownFileType = sourcecode.swift; path = "UIImage+imageWithTint.swift"; sourceTree = "<group>"; };
		A38598401C66D79300279D6F /* Caronae 3.xcdatamodel */ = {isa = PBXFileReference; lastKnownFileType = wrapper.xcdatamodel; path = "Caronae 3.xcdatamodel"; sourceTree = "<group>"; };
		A38598411C66D83A00279D6F /* Notification+CoreDataProperties.h */ = {isa = PBXFileReference; fileEncoding = 4; lastKnownFileType = sourcecode.c.h; path = "Notification+CoreDataProperties.h"; sourceTree = "<group>"; };
		A38598421C66D83A00279D6F /* Notification+CoreDataProperties.m */ = {isa = PBXFileReference; fileEncoding = 4; lastKnownFileType = sourcecode.c.objc; path = "Notification+CoreDataProperties.m"; sourceTree = "<group>"; };
		A38598431C66D83A00279D6F /* Notification.h */ = {isa = PBXFileReference; fileEncoding = 4; lastKnownFileType = sourcecode.c.h; path = Notification.h; sourceTree = "<group>"; };
		A38598441C66D83A00279D6F /* Notification.m */ = {isa = PBXFileReference; fileEncoding = 4; lastKnownFileType = sourcecode.c.objc; path = Notification.m; sourceTree = "<group>"; };
		A38598471C691D1400279D6F /* User.h */ = {isa = PBXFileReference; fileEncoding = 4; lastKnownFileType = sourcecode.c.h; path = User.h; sourceTree = "<group>"; };
		A38598481C691D1400279D6F /* User.m */ = {isa = PBXFileReference; fileEncoding = 4; lastKnownFileType = sourcecode.c.objc; path = User.m; sourceTree = "<group>"; };
		A385984A1C6923D000279D6F /* UserTests.m */ = {isa = PBXFileReference; fileEncoding = 4; lastKnownFileType = sourcecode.c.objc; path = UserTests.m; sourceTree = "<group>"; };
		A389902B1C58734700C7CD2D /* GoogleService-Info.plist */ = {isa = PBXFileReference; fileEncoding = 4; lastKnownFileType = text.plist.xml; path = "GoogleService-Info.plist"; sourceTree = "<group>"; };
		A38F1D4B1C0398B500DEF6B1 /* RideCell.h */ = {isa = PBXFileReference; fileEncoding = 4; lastKnownFileType = sourcecode.c.h; path = RideCell.h; sourceTree = "<group>"; };
		A38F1D4C1C0398B500DEF6B1 /* RideCell.m */ = {isa = PBXFileReference; fileEncoding = 4; lastKnownFileType = sourcecode.c.objc; path = RideCell.m; sourceTree = "<group>"; };
		A398BE031C6D7DEC00CEA6A1 /* CaronaePhoneTextField.h */ = {isa = PBXFileReference; fileEncoding = 4; lastKnownFileType = sourcecode.c.h; path = CaronaePhoneTextField.h; sourceTree = "<group>"; };
		A398BE041C6D7DEC00CEA6A1 /* CaronaePhoneTextField.m */ = {isa = PBXFileReference; fileEncoding = 4; lastKnownFileType = sourcecode.c.objc; path = CaronaePhoneTextField.m; sourceTree = "<group>"; };
		A3996D2B1C13AC0900D2E890 /* SearchResultsViewController.h */ = {isa = PBXFileReference; fileEncoding = 4; lastKnownFileType = sourcecode.c.h; path = SearchResultsViewController.h; sourceTree = "<group>"; };
		A3996D2C1C13AC0900D2E890 /* SearchResultsViewController.m */ = {isa = PBXFileReference; fileEncoding = 4; lastKnownFileType = sourcecode.c.objc; path = SearchResultsViewController.m; sourceTree = "<group>"; };
		A39BA2EA1C6C0F3A0063DDD1 /* TabBarController.h */ = {isa = PBXFileReference; fileEncoding = 4; lastKnownFileType = sourcecode.c.h; path = TabBarController.h; sourceTree = "<group>"; };
		A39BA2EB1C6C0F3A0063DDD1 /* TabBarController.m */ = {isa = PBXFileReference; fileEncoding = 4; lastKnownFileType = sourcecode.c.objc; path = TabBarController.m; sourceTree = "<group>"; };
		A39BBCF41C048E4D00EF9EBD /* SearchRideViewController.h */ = {isa = PBXFileReference; fileEncoding = 4; lastKnownFileType = sourcecode.c.h; path = SearchRideViewController.h; sourceTree = "<group>"; };
		A39BBCF51C048E4D00EF9EBD /* SearchRideViewController.m */ = {isa = PBXFileReference; fileEncoding = 4; lastKnownFileType = sourcecode.c.objc; path = SearchRideViewController.m; sourceTree = "<group>"; };
		A39BBCFD1C06296200EF9EBD /* Ride.h */ = {isa = PBXFileReference; fileEncoding = 4; lastKnownFileType = sourcecode.c.h; path = Ride.h; sourceTree = "<group>"; };
		A39BBCFE1C06296200EF9EBD /* Ride.m */ = {isa = PBXFileReference; fileEncoding = 4; lastKnownFileType = sourcecode.c.objc; path = Ride.m; sourceTree = "<group>"; };
		A39BBD011C06378E00EF9EBD /* NSDate+nextHour.h */ = {isa = PBXFileReference; fileEncoding = 4; lastKnownFileType = sourcecode.c.h; path = "NSDate+nextHour.h"; sourceTree = "<group>"; };
		A39BBD021C06378E00EF9EBD /* NSDate+nextHour.m */ = {isa = PBXFileReference; fileEncoding = 4; lastKnownFileType = sourcecode.c.objc; path = "NSDate+nextHour.m"; sourceTree = "<group>"; };
		A39BBD041C06AB9D00EF9EBD /* RideCell.xib */ = {isa = PBXFileReference; fileEncoding = 4; lastKnownFileType = file.xib; path = RideCell.xib; sourceTree = "<group>"; };
		A39BBD091C06B94E00EF9EBD /* RideViewController.h */ = {isa = PBXFileReference; fileEncoding = 4; lastKnownFileType = sourcecode.c.h; path = RideViewController.h; sourceTree = "<group>"; };
		A39BBD0A1C06B94E00EF9EBD /* RideViewController.m */ = {isa = PBXFileReference; fileEncoding = 4; lastKnownFileType = sourcecode.c.objc; path = RideViewController.m; sourceTree = "<group>"; };
		A3A4A4AD1C4C695800CF4CB2 /* NSString+validation.h */ = {isa = PBXFileReference; fileEncoding = 4; lastKnownFileType = sourcecode.c.h; path = "NSString+validation.h"; sourceTree = "<group>"; };
		A3A4A4AE1C4C695800CF4CB2 /* NSString+validation.m */ = {isa = PBXFileReference; fileEncoding = 4; lastKnownFileType = sourcecode.c.objc; path = "NSString+validation.m"; sourceTree = "<group>"; };
		A3AD19C81BED9BFB003EDA17 /* ActiveRidesViewController.h */ = {isa = PBXFileReference; fileEncoding = 4; lastKnownFileType = sourcecode.c.h; path = ActiveRidesViewController.h; sourceTree = "<group>"; };
		A3AD19C91BED9BFB003EDA17 /* ActiveRidesViewController.m */ = {isa = PBXFileReference; fileEncoding = 4; lastKnownFileType = sourcecode.c.objc; path = ActiveRidesViewController.m; sourceTree = "<group>"; };
		A3B5AEFD1BF1AAC10026A889 /* CaronaeDefaults.h */ = {isa = PBXFileReference; fileEncoding = 4; lastKnownFileType = sourcecode.c.h; path = CaronaeDefaults.h; sourceTree = "<group>"; };
		A3B5AEFE1BF1AAC10026A889 /* CaronaeDefaults.m */ = {isa = PBXFileReference; fileEncoding = 4; lastKnownFileType = sourcecode.c.objc; path = CaronaeDefaults.m; sourceTree = "<group>"; };
		A3B5AF041BF1ADF30026A889 /* MyRidesViewController.h */ = {isa = PBXFileReference; fileEncoding = 4; lastKnownFileType = sourcecode.c.h; path = MyRidesViewController.h; sourceTree = "<group>"; };
		A3B5AF051BF1ADF30026A889 /* MyRidesViewController.m */ = {isa = PBXFileReference; fileEncoding = 4; lastKnownFileType = sourcecode.c.objc; path = MyRidesViewController.m; sourceTree = "<group>"; };
		A3B5AF0F1BF2F0560026A889 /* CALayer+UIColor.h */ = {isa = PBXFileReference; fileEncoding = 4; lastKnownFileType = sourcecode.c.h; path = "CALayer+UIColor.h"; sourceTree = "<group>"; };
		A3B5AF101BF2F0560026A889 /* CALayer+UIColor.m */ = {isa = PBXFileReference; fileEncoding = 4; lastKnownFileType = sourcecode.c.objc; path = "CALayer+UIColor.m"; sourceTree = "<group>"; };
		A3C55BD81C5FB19A00C84204 /* Message+CoreDataProperties.h */ = {isa = PBXFileReference; fileEncoding = 4; lastKnownFileType = sourcecode.c.h; path = "Message+CoreDataProperties.h"; sourceTree = "<group>"; };
		A3C55BD91C5FB19A00C84204 /* Message+CoreDataProperties.m */ = {isa = PBXFileReference; fileEncoding = 4; lastKnownFileType = sourcecode.c.objc; path = "Message+CoreDataProperties.m"; sourceTree = "<group>"; };
		A3C55BDB1C5FD1B700C84204 /* Caronae 2.xcdatamodel */ = {isa = PBXFileReference; lastKnownFileType = wrapper.xcdatamodel; path = "Caronae 2.xcdatamodel"; sourceTree = "<group>"; };
		A3EE026A1C17D01000A8407E /* RiderCell.h */ = {isa = PBXFileReference; fileEncoding = 4; lastKnownFileType = sourcecode.c.h; path = RiderCell.h; sourceTree = "<group>"; };
		A3EE026B1C17D01000A8407E /* RiderCell.m */ = {isa = PBXFileReference; fileEncoding = 4; lastKnownFileType = sourcecode.c.objc; path = RiderCell.m; sourceTree = "<group>"; };
		A3F30EE71C08166F0024BE37 /* NSDictionary+dictionaryWithoutNulls.h */ = {isa = PBXFileReference; fileEncoding = 4; lastKnownFileType = sourcecode.c.h; path = "NSDictionary+dictionaryWithoutNulls.h"; sourceTree = "<group>"; };
		A3F30EE81C08166F0024BE37 /* NSDictionary+dictionaryWithoutNulls.m */ = {isa = PBXFileReference; fileEncoding = 4; lastKnownFileType = sourcecode.c.objc; path = "NSDictionary+dictionaryWithoutNulls.m"; sourceTree = "<group>"; };
		A3F30EEA1C0823CA0024BE37 /* PrefixHeader.pch */ = {isa = PBXFileReference; lastKnownFileType = sourcecode.c.h; path = PrefixHeader.pch; sourceTree = "<group>"; };
		A3F30EEB1C0890C10024BE37 /* ZoneCell.h */ = {isa = PBXFileReference; fileEncoding = 4; lastKnownFileType = sourcecode.c.h; path = ZoneCell.h; sourceTree = "<group>"; };
		A3F30EEC1C0890C10024BE37 /* ZoneCell.m */ = {isa = PBXFileReference; fileEncoding = 4; lastKnownFileType = sourcecode.c.objc; path = ZoneCell.m; sourceTree = "<group>"; };
		A3F30EEE1C0891520024BE37 /* ZoneSelectionViewController.h */ = {isa = PBXFileReference; fileEncoding = 4; lastKnownFileType = sourcecode.c.h; path = ZoneSelectionViewController.h; sourceTree = "<group>"; };
		A3F30EEF1C0891520024BE37 /* ZoneSelectionViewController.m */ = {isa = PBXFileReference; fileEncoding = 4; lastKnownFileType = sourcecode.c.objc; path = ZoneSelectionViewController.m; sourceTree = "<group>"; };
		A3F30EF11C08ABDC0024BE37 /* bairros.csv */ = {isa = PBXFileReference; fileEncoding = 4; lastKnownFileType = text; path = bairros.csv; sourceTree = "<group>"; };
		A7DA16FE6BC427F62DBE27E5 /* libPods.a */ = {isa = PBXFileReference; explicitFileType = archive.ar; includeInIndex = 0; path = libPods.a; sourceTree = BUILT_PRODUCTS_DIR; };
		C0EBBD02EF13166ED3D0B34A /* Pods.debug.xcconfig */ = {isa = PBXFileReference; includeInIndex = 1; lastKnownFileType = text.xcconfig; name = Pods.debug.xcconfig; path = "Pods/Target Support Files/Pods/Pods.debug.xcconfig"; sourceTree = "<group>"; };
/* End PBXFileReference section */

/* Begin PBXFrameworksBuildPhase section */
		A3169C8D1BED842D00A0D428 /* Frameworks */ = {
			isa = PBXFrameworksBuildPhase;
			buildActionMask = 2147483647;
			files = (
				CA6E9412F08ECA00330BBD7E /* libPods.a in Frameworks */,
				A33BC29E1C1C91840065BC03 /* FBSDKCoreKit.framework in Frameworks */,
				A33BC2A01C1C92810065BC03 /* FBSDKLoginKit.framework in Frameworks */,
			);
			runOnlyForDeploymentPostprocessing = 0;
		};
		A3169CA91BED842D00A0D428 /* Frameworks */ = {
			isa = PBXFrameworksBuildPhase;
			buildActionMask = 2147483647;
			files = (
				DB044265D99E3F78D5BF8658 /* libPods.a in Frameworks */,
			);
			runOnlyForDeploymentPostprocessing = 0;
		};
/* End PBXFrameworksBuildPhase section */

/* Begin PBXGroup section */
		9EEF98FE6EBF502EF2E23188 /* Frameworks */ = {
			isa = PBXGroup;
			children = (
				A33BC29F1C1C92810065BC03 /* FBSDKLoginKit.framework */,
				A33BC29D1C1C91840065BC03 /* FBSDKCoreKit.framework */,
				A7DA16FE6BC427F62DBE27E5 /* libPods.a */,
			);
			name = Frameworks;
			sourceTree = "<group>";
		};
		A3169C871BED842D00A0D428 = {
			isa = PBXGroup;
			children = (
				A3169C921BED842D00A0D428 /* Caronae */,
				A3169CAF1BED842D00A0D428 /* CaronaeTests */,
				9EEF98FE6EBF502EF2E23188 /* Frameworks */,
				D2A5ADC9EBDC943DAB5ACFFA /* Pods */,
				A3169C911BED842D00A0D428 /* Products */,
			);
			sourceTree = "<group>";
		};
		A3169C911BED842D00A0D428 /* Products */ = {
			isa = PBXGroup;
			children = (
				A3169C901BED842D00A0D428 /* Caronae.app */,
				A3169CAC1BED842D00A0D428 /* CaronaeTests.xctest */,
			);
			name = Products;
			sourceTree = "<group>";
		};
		A3169C921BED842D00A0D428 /* Caronae */ = {
			isa = PBXGroup;
			children = (
				A3B5AF121BF2F1050026A889 /* Categories */,
				A37E80D81C5EFFA600683F27 /* Chat */,
				A3AD19C71BED96DC003EDA17 /* Extras */,
				A3DF39BC1C66CFAE005D22FD /* Falae */,
				A39BBD001C0629E100EF9EBD /* Model */,
				A3180F841C6066AF007195DF /* Neighborhood selection */,
				A32B80B81C2E075000FC370A /* Ride */,
				A3169C931BED842D00A0D428 /* Supporting Files */,
				A32B80B71C2E073000FC370A /* User */,
				A3169C961BED842D00A0D428 /* AppDelegate.h */,
				A3169C971BED842D00A0D428 /* AppDelegate.m */,
				A3169CA21BED842D00A0D428 /* Assets.xcassets */,
				A3169C9F1BED842D00A0D428 /* Caronae.xcdatamodeld */,
				A3B5AEFD1BF1AAC10026A889 /* CaronaeDefaults.h */,
				A3B5AEFE1BF1AAC10026A889 /* CaronaeDefaults.m */,
				A3169CA71BED842D00A0D428 /* Info.plist */,
				A3169CA41BED842D00A0D428 /* LaunchScreen.storyboard */,
				A3169C9C1BED842D00A0D428 /* Main.storyboard */,
				A34312C51BF01B9A005BA311 /* MenuViewController.h */,
				A34312C61BF01B9A005BA311 /* MenuViewController.m */,
				A39BA2EA1C6C0F3A0063DDD1 /* TabBarController.h */,
				A39BA2EB1C6C0F3A0063DDD1 /* TabBarController.m */,
			);
			path = Caronae;
			sourceTree = "<group>";
		};
		A3169C931BED842D00A0D428 /* Supporting Files */ = {
			isa = PBXGroup;
			children = (
				A37E80E51C5F158600683F27 /* Caronae-Bridging-Header.h */,
				A389902B1C58734700C7CD2D /* GoogleService-Info.plist */,
				A3F30EEA1C0823CA0024BE37 /* PrefixHeader.pch */,
				A3F30EF11C08ABDC0024BE37 /* bairros.csv */,
				A3169C941BED842D00A0D428 /* main.m */,
			);
			path = "Supporting Files";
			sourceTree = "<group>";
		};
		A3169CAF1BED842D00A0D428 /* CaronaeTests */ = {
			isa = PBXGroup;
			children = (
				A302B29A1BF4439300FA161D /* CreateRideTests.m */,
				A385984A1C6923D000279D6F /* UserTests.m */,
				A3169CB21BED842D00A0D428 /* Info.plist */,
			);
			path = CaronaeTests;
			sourceTree = "<group>";
		};
		A3180F841C6066AF007195DF /* Neighborhood selection */ = {
			isa = PBXGroup;
			children = (
				A3F30EEB1C0890C10024BE37 /* ZoneCell.h */,
				A3F30EEC1C0890C10024BE37 /* ZoneCell.m */,
				A374623D1C4D7B59000B802C /* ZoneSelectionInputViewController.h */,
				A374623E1C4D7B59000B802C /* ZoneSelectionInputViewController.m */,
				A3F30EEE1C0891520024BE37 /* ZoneSelectionViewController.h */,
				A3F30EEF1C0891520024BE37 /* ZoneSelectionViewController.m */,
			);
			path = "Neighborhood selection";
			sourceTree = "<group>";
		};
		A32B80B71C2E073000FC370A /* User */ = {
			isa = PBXGroup;
			children = (
				A34312CB1BF01C26005BA311 /* EditProfileViewController.h */,
				A34312CC1BF01C26005BA311 /* EditProfileViewController.m */,
				A34312C81BF01C1D005BA311 /* ProfileViewController.h */,
				A34312C91BF01C1D005BA311 /* ProfileViewController.m */,
				A357EF351C57168D00AC8096 /* SignupViewController.h */,
				A357EF361C57168D00AC8096 /* SignupViewController.m */,
				A3169C991BED842D00A0D428 /* TokenViewController.h */,
				A3169C9A1BED842D00A0D428 /* TokenViewController.m */,
			);
			path = User;
			sourceTree = "<group>";
		};
		A32B80B81C2E075000FC370A /* Ride */ = {
			isa = PBXGroup;
			children = (
				A3AD19C81BED9BFB003EDA17 /* ActiveRidesViewController.h */,
				A3AD19C91BED9BFB003EDA17 /* ActiveRidesViewController.m */,
				A32C77241C41EEE30098583B /* AllRidesViewController.h */,
				A32C77251C41EEE30098583B /* AllRidesViewController.m */,
				A325DA6D1C0CAFD700B9124E /* JoinRequestCell.h */,
				A325DA6E1C0CAFD700B9124E /* JoinRequestCell.m */,
				A325DA6F1C0CAFD700B9124E /* JoinRequestCell.xib */,
				A38F1D4B1C0398B500DEF6B1 /* RideCell.h */,
				A38F1D4C1C0398B500DEF6B1 /* RideCell.m */,
				A39BBD041C06AB9D00EF9EBD /* RideCell.xib */,
				A3EE026A1C17D01000A8407E /* RiderCell.h */,
				A3EE026B1C17D01000A8407E /* RiderCell.m */,
				A33FABE81BEE8E93008B4F51 /* CreateRideViewController.h */,
				A33FABE91BEE8E93008B4F51 /* CreateRideViewController.m */,
				A3B5AF041BF1ADF30026A889 /* MyRidesViewController.h */,
				A3B5AF051BF1ADF30026A889 /* MyRidesViewController.m */,
				A357EF301C56C5A100AC8096 /* RideListController.h */,
				A357EF311C56C5A100AC8096 /* RideListController.m */,
				A357EF321C56C5A100AC8096 /* RideListController.xib */,
				A39BBD091C06B94E00EF9EBD /* RideViewController.h */,
				A39BBD0A1C06B94E00EF9EBD /* RideViewController.m */,
				A35D47291C2092A300501647 /* RidesHistoryViewController.h */,
				A35D472A1C2092A300501647 /* RidesHistoryViewController.m */,
				A3996D2B1C13AC0900D2E890 /* SearchResultsViewController.h */,
				A3996D2C1C13AC0900D2E890 /* SearchResultsViewController.m */,
				A39BBCF41C048E4D00EF9EBD /* SearchRideViewController.h */,
				A39BBCF51C048E4D00EF9EBD /* SearchRideViewController.m */,
			);
			path = Ride;
			sourceTree = "<group>";
		};
		A37E80D81C5EFFA600683F27 /* Chat */ = {
			isa = PBXGroup;
			children = (
				A3180F851C618DDF007195DF /* ChatStore.h */,
				A3180F861C618DDF007195DF /* ChatStore.m */,
				A37E80D91C5F007900683F27 /* ChatViewController.h */,
				A37E80DA1C5F007900683F27 /* ChatViewController.m */,
				A37E80E21C5F0C3000683F27 /* MessageBubbleTableViewCell.h */,
				A37E80E31C5F0C3000683F27 /* MessageBubbleTableViewCell.m */,
			);
			path = Chat;
			sourceTree = "<group>";
		};
		A39BBD001C0629E100EF9EBD /* Model */ = {
			isa = PBXGroup;
			children = (
				A37E80DC1C5F00D300683F27 /* Chat.h */,
				A37E80DD1C5F00D300683F27 /* Chat.m */,
				A3C55BD81C5FB19A00C84204 /* Message+CoreDataProperties.h */,
				A3C55BD91C5FB19A00C84204 /* Message+CoreDataProperties.m */,
				A37E80DF1C5F011100683F27 /* Message.h */,
				A37E80E01C5F011100683F27 /* Message.m */,
				A38598411C66D83A00279D6F /* Notification+CoreDataProperties.h */,
				A38598421C66D83A00279D6F /* Notification+CoreDataProperties.m */,
				A38598431C66D83A00279D6F /* Notification.h */,
				A38598441C66D83A00279D6F /* Notification.m */,
				A39BBCFD1C06296200EF9EBD /* Ride.h */,
				A39BBCFE1C06296200EF9EBD /* Ride.m */,
				A38598471C691D1400279D6F /* User.h */,
				A38598481C691D1400279D6F /* User.m */,
			);
			path = Model;
			sourceTree = "<group>";
		};
		A3AD19C71BED96DC003EDA17 /* Extras */ = {
			isa = PBXGroup;
			children = (
				A375D2F91C19175A00795CAE /* CaronaeAlertController.h */,
				A375D2FA1C19175A00795CAE /* CaronaeAlertController.m */,
				A3169CC91BED893F00A0D428 /* CaronaeTextField.h */,
				A3169CCA1BED893F00A0D428 /* CaronaeTextField.m */,
				A398BE031C6D7DEC00CEA6A1 /* CaronaePhoneTextField.h */,
				A398BE041C6D7DEC00CEA6A1 /* CaronaePhoneTextField.m */,
			);
			path = Extras;
			sourceTree = "<group>";
		};
		A3B5AF121BF2F1050026A889 /* Categories */ = {
			isa = PBXGroup;
			children = (
				A3B5AF0F1BF2F0560026A889 /* CALayer+UIColor.h */,
				A3B5AF101BF2F0560026A889 /* CALayer+UIColor.m */,
				A39BBD011C06378E00EF9EBD /* NSDate+nextHour.h */,
				A39BBD021C06378E00EF9EBD /* NSDate+nextHour.m */,
				A3F30EE71C08166F0024BE37 /* NSDictionary+dictionaryWithoutNulls.h */,
				A3F30EE81C08166F0024BE37 /* NSDictionary+dictionaryWithoutNulls.m */,
				A3A4A4AD1C4C695800CF4CB2 /* NSString+validation.h */,
				A3A4A4AE1C4C695800CF4CB2 /* NSString+validation.m */,
				A37E80E61C5F158600683F27 /* UIImage+imageWithTint.swift */,
			);
			path = Categories;
			sourceTree = "<group>";
		};
		A3DF39BC1C66CFAE005D22FD /* Falae */ = {
			isa = PBXGroup;
			children = (
				A32B80B41C2C6EBE00FC370A /* FalaeViewController.h */,
				A32B80B51C2C6EBE00FC370A /* FalaeViewController.m */,
			);
			path = Falae;
			sourceTree = "<group>";
		};
		D2A5ADC9EBDC943DAB5ACFFA /* Pods */ = {
			isa = PBXGroup;
			children = (
				C0EBBD02EF13166ED3D0B34A /* Pods.debug.xcconfig */,
				7A6BECEDB68F9DCBC935D1ED /* Pods.release.xcconfig */,
			);
			name = Pods;
			sourceTree = "<group>";
		};
/* End PBXGroup section */

/* Begin PBXNativeTarget section */
		A3169C8F1BED842D00A0D428 /* Caronae */ = {
			isa = PBXNativeTarget;
			buildConfigurationList = A3169CC01BED842D00A0D428 /* Build configuration list for PBXNativeTarget "Caronae" */;
			buildPhases = (
				B691BB43D7D46A240967937A /* Check Pods Manifest.lock */,
				A3169C8C1BED842D00A0D428 /* Sources */,
				A3169C8D1BED842D00A0D428 /* Frameworks */,
				A3169C8E1BED842D00A0D428 /* Resources */,
				33CFABFE4B10410E9256B97C /* Embed Pods Frameworks */,
				E3ECA5EB01D3EB94E76F3031 /* Copy Pods Resources */,
			);
			buildRules = (
			);
			dependencies = (
			);
			name = Caronae;
			productName = Caronae;
			productReference = A3169C901BED842D00A0D428 /* Caronae.app */;
			productType = "com.apple.product-type.application";
		};
		A3169CAB1BED842D00A0D428 /* CaronaeTests */ = {
			isa = PBXNativeTarget;
			buildConfigurationList = A3169CC31BED842D00A0D428 /* Build configuration list for PBXNativeTarget "CaronaeTests" */;
			buildPhases = (
				CAF7333EE3F2BEB539B6EF97 /* Check Pods Manifest.lock */,
				A3169CA81BED842D00A0D428 /* Sources */,
				A3169CA91BED842D00A0D428 /* Frameworks */,
				A3169CAA1BED842D00A0D428 /* Resources */,
				AD108005FC29547F46033341 /* Embed Pods Frameworks */,
				31D54DA596375ADB93C512C4 /* Copy Pods Resources */,
			);
			buildRules = (
			);
			dependencies = (
				A3169CAE1BED842D00A0D428 /* PBXTargetDependency */,
			);
			name = CaronaeTests;
			productName = CaronaeTests;
			productReference = A3169CAC1BED842D00A0D428 /* CaronaeTests.xctest */;
			productType = "com.apple.product-type.bundle.unit-test";
		};
/* End PBXNativeTarget section */

/* Begin PBXProject section */
		A3169C881BED842D00A0D428 /* Project object */ = {
			isa = PBXProject;
			attributes = {
				LastSwiftUpdateCheck = 0720;
				LastUpgradeCheck = 0710;
				ORGANIZATIONNAME = "Mario Cecchi";
				TargetAttributes = {
					A3169C8F1BED842D00A0D428 = {
						CreatedOnToolsVersion = 7.1;
						DevelopmentTeam = MZS3RX2YMZ;
						SystemCapabilities = {
							com.apple.BackgroundModes = {
								enabled = 1;
							};
							com.apple.Push = {
								enabled = 1;
							};
						};
					};
					A3169CAB1BED842D00A0D428 = {
						CreatedOnToolsVersion = 7.1;
						TestTargetID = A3169C8F1BED842D00A0D428;
					};
				};
			};
			buildConfigurationList = A3169C8B1BED842D00A0D428 /* Build configuration list for PBXProject "Caronae" */;
			compatibilityVersion = "Xcode 3.2";
			developmentRegion = English;
			hasScannedForEncodings = 0;
			knownRegions = (
				en,
				Base,
			);
			mainGroup = A3169C871BED842D00A0D428;
			productRefGroup = A3169C911BED842D00A0D428 /* Products */;
			projectDirPath = "";
			projectRoot = "";
			targets = (
				A3169C8F1BED842D00A0D428 /* Caronae */,
				A3169CAB1BED842D00A0D428 /* CaronaeTests */,
			);
		};
/* End PBXProject section */

/* Begin PBXResourcesBuildPhase section */
		A3169C8E1BED842D00A0D428 /* Resources */ = {
			isa = PBXResourcesBuildPhase;
			buildActionMask = 2147483647;
			files = (
				A389902F1C58735B00C7CD2D /* GoogleService-Info.plist in Resources */,
				A3169CA61BED842D00A0D428 /* LaunchScreen.storyboard in Resources */,
				A39BBD051C06AB9D00EF9EBD /* RideCell.xib in Resources */,
				A357EF341C56C5A100AC8096 /* RideListController.xib in Resources */,
				A3169CA31BED842D00A0D428 /* Assets.xcassets in Resources */,
				A3F30EF21C08ABDC0024BE37 /* bairros.csv in Resources */,
				A3169C9E1BED842D00A0D428 /* Main.storyboard in Resources */,
				A325DA711C0CAFD700B9124E /* JoinRequestCell.xib in Resources */,
			);
			runOnlyForDeploymentPostprocessing = 0;
		};
		A3169CAA1BED842D00A0D428 /* Resources */ = {
			isa = PBXResourcesBuildPhase;
			buildActionMask = 2147483647;
			files = (
				A389902D1C58734700C7CD2D /* GoogleService-Info.plist in Resources */,
			);
			runOnlyForDeploymentPostprocessing = 0;
		};
/* End PBXResourcesBuildPhase section */

/* Begin PBXShellScriptBuildPhase section */
		31D54DA596375ADB93C512C4 /* Copy Pods Resources */ = {
			isa = PBXShellScriptBuildPhase;
			buildActionMask = 2147483647;
			files = (
			);
			inputPaths = (
			);
			name = "Copy Pods Resources";
			outputPaths = (
			);
			runOnlyForDeploymentPostprocessing = 0;
			shellPath = /bin/sh;
			shellScript = "\"${SRCROOT}/Pods/Target Support Files/Pods/Pods-resources.sh\"\n";
			showEnvVarsInLog = 0;
		};
		33CFABFE4B10410E9256B97C /* Embed Pods Frameworks */ = {
			isa = PBXShellScriptBuildPhase;
			buildActionMask = 2147483647;
			files = (
			);
			inputPaths = (
			);
			name = "Embed Pods Frameworks";
			outputPaths = (
			);
			runOnlyForDeploymentPostprocessing = 0;
			shellPath = /bin/sh;
			shellScript = "\"${SRCROOT}/Pods/Target Support Files/Pods/Pods-frameworks.sh\"\n";
			showEnvVarsInLog = 0;
		};
		AD108005FC29547F46033341 /* Embed Pods Frameworks */ = {
			isa = PBXShellScriptBuildPhase;
			buildActionMask = 2147483647;
			files = (
			);
			inputPaths = (
			);
			name = "Embed Pods Frameworks";
			outputPaths = (
			);
			runOnlyForDeploymentPostprocessing = 0;
			shellPath = /bin/sh;
			shellScript = "\"${SRCROOT}/Pods/Target Support Files/Pods/Pods-frameworks.sh\"\n";
			showEnvVarsInLog = 0;
		};
		B691BB43D7D46A240967937A /* Check Pods Manifest.lock */ = {
			isa = PBXShellScriptBuildPhase;
			buildActionMask = 2147483647;
			files = (
			);
			inputPaths = (
			);
			name = "Check Pods Manifest.lock";
			outputPaths = (
			);
			runOnlyForDeploymentPostprocessing = 0;
			shellPath = /bin/sh;
			shellScript = "diff \"${PODS_ROOT}/../Podfile.lock\" \"${PODS_ROOT}/Manifest.lock\" > /dev/null\nif [[ $? != 0 ]] ; then\n    cat << EOM\nerror: The sandbox is not in sync with the Podfile.lock. Run 'pod install' or update your CocoaPods installation.\nEOM\n    exit 1\nfi\n";
			showEnvVarsInLog = 0;
		};
		CAF7333EE3F2BEB539B6EF97 /* Check Pods Manifest.lock */ = {
			isa = PBXShellScriptBuildPhase;
			buildActionMask = 2147483647;
			files = (
			);
			inputPaths = (
			);
			name = "Check Pods Manifest.lock";
			outputPaths = (
			);
			runOnlyForDeploymentPostprocessing = 0;
			shellPath = /bin/sh;
			shellScript = "diff \"${PODS_ROOT}/../Podfile.lock\" \"${PODS_ROOT}/Manifest.lock\" > /dev/null\nif [[ $? != 0 ]] ; then\n    cat << EOM\nerror: The sandbox is not in sync with the Podfile.lock. Run 'pod install' or update your CocoaPods installation.\nEOM\n    exit 1\nfi\n";
			showEnvVarsInLog = 0;
		};
		E3ECA5EB01D3EB94E76F3031 /* Copy Pods Resources */ = {
			isa = PBXShellScriptBuildPhase;
			buildActionMask = 2147483647;
			files = (
			);
			inputPaths = (
			);
			name = "Copy Pods Resources";
			outputPaths = (
			);
			runOnlyForDeploymentPostprocessing = 0;
			shellPath = /bin/sh;
			shellScript = "\"${SRCROOT}/Pods/Target Support Files/Pods/Pods-resources.sh\"\n";
			showEnvVarsInLog = 0;
		};
/* End PBXShellScriptBuildPhase section */

/* Begin PBXSourcesBuildPhase section */
		A3169C8C1BED842D00A0D428 /* Sources */ = {
			isa = PBXSourcesBuildPhase;
			buildActionMask = 2147483647;
			files = (
				A3AD19CA1BED9BFB003EDA17 /* ActiveRidesViewController.m in Sources */,
				A34312CA1BF01C1D005BA311 /* ProfileViewController.m in Sources */,
				A398BE051C6D7DEC00CEA6A1 /* CaronaePhoneTextField.m in Sources */,
				A38598451C66D83A00279D6F /* Notification+CoreDataProperties.m in Sources */,
				A34312CD1BF01C26005BA311 /* EditProfileViewController.m in Sources */,
				A37E80DE1C5F00D300683F27 /* Chat.m in Sources */,
				A35D472B1C2092A300501647 /* RidesHistoryViewController.m in Sources */,
				A357EF331C56C5A100AC8096 /* RideListController.m in Sources */,
				A33FABEA1BEE8E93008B4F51 /* CreateRideViewController.m in Sources */,
				A38598491C691D1400279D6F /* User.m in Sources */,
				A357EF371C57168D00AC8096 /* SignupViewController.m in Sources */,
				A3EE026C1C17D01000A8407E /* RiderCell.m in Sources */,
				A39BBD0B1C06B94E00EF9EBD /* RideViewController.m in Sources */,
				A3F30EED1C0890C10024BE37 /* ZoneCell.m in Sources */,
				A3169C9B1BED842D00A0D428 /* TokenViewController.m in Sources */,
				A37E80E71C5F158600683F27 /* UIImage+imageWithTint.swift in Sources */,
				A325DA701C0CAFD700B9124E /* JoinRequestCell.m in Sources */,
				A3A4A4AF1C4C695800CF4CB2 /* NSString+validation.m in Sources */,
				A39BBCFF1C06296200EF9EBD /* Ride.m in Sources */,
				A39BA2EC1C6C0F3A0063DDD1 /* TabBarController.m in Sources */,
				A34312C71BF01B9A005BA311 /* MenuViewController.m in Sources */,
				A39BBCF61C048E4D00EF9EBD /* SearchRideViewController.m in Sources */,
				A37E80E11C5F011100683F27 /* Message.m in Sources */,
				A3169CA11BED842D00A0D428 /* Caronae.xcdatamodeld in Sources */,
				A32C77261C41EEE30098583B /* AllRidesViewController.m in Sources */,
				A32B80B61C2C6EBE00FC370A /* FalaeViewController.m in Sources */,
				A38598461C66D83A00279D6F /* Notification.m in Sources */,
				A39BBD031C06378E00EF9EBD /* NSDate+nextHour.m in Sources */,
				A3C55BDA1C5FB19A00C84204 /* Message+CoreDataProperties.m in Sources */,
				A3F30EF01C0891520024BE37 /* ZoneSelectionViewController.m in Sources */,
				A3169C981BED842D00A0D428 /* AppDelegate.m in Sources */,
				A374623F1C4D7B59000B802C /* ZoneSelectionInputViewController.m in Sources */,
				A375D2FB1C19175A00795CAE /* CaronaeAlertController.m in Sources */,
				A3B5AEFF1BF1AAC10026A889 /* CaronaeDefaults.m in Sources */,
				A38F1D4D1C0398B500DEF6B1 /* RideCell.m in Sources */,
				A37E80DB1C5F007900683F27 /* ChatViewController.m in Sources */,
				A3B5AF111BF2F0560026A889 /* CALayer+UIColor.m in Sources */,
				A3169C951BED842D00A0D428 /* main.m in Sources */,
				A3B5AF061BF1ADF30026A889 /* MyRidesViewController.m in Sources */,
				A3F30EE91C08166F0024BE37 /* NSDictionary+dictionaryWithoutNulls.m in Sources */,
				A3996D2D1C13AC0900D2E890 /* SearchResultsViewController.m in Sources */,
				A3180F871C618DDF007195DF /* ChatStore.m in Sources */,
				A3169CCB1BED893F00A0D428 /* CaronaeTextField.m in Sources */,
				A37E80E41C5F0C3000683F27 /* MessageBubbleTableViewCell.m in Sources */,
			);
			runOnlyForDeploymentPostprocessing = 0;
		};
		A3169CA81BED842D00A0D428 /* Sources */ = {
			isa = PBXSourcesBuildPhase;
			buildActionMask = 2147483647;
			files = (
				A385984B1C6923D000279D6F /* UserTests.m in Sources */,
				A302B29B1BF4439300FA161D /* CreateRideTests.m in Sources */,
			);
			runOnlyForDeploymentPostprocessing = 0;
		};
/* End PBXSourcesBuildPhase section */

/* Begin PBXTargetDependency section */
		A3169CAE1BED842D00A0D428 /* PBXTargetDependency */ = {
			isa = PBXTargetDependency;
			target = A3169C8F1BED842D00A0D428 /* Caronae */;
			targetProxy = A3169CAD1BED842D00A0D428 /* PBXContainerItemProxy */;
		};
/* End PBXTargetDependency section */

/* Begin PBXVariantGroup section */
		A3169C9C1BED842D00A0D428 /* Main.storyboard */ = {
			isa = PBXVariantGroup;
			children = (
				A3169C9D1BED842D00A0D428 /* Base */,
			);
			name = Main.storyboard;
			path = .;
			sourceTree = "<group>";
		};
		A3169CA41BED842D00A0D428 /* LaunchScreen.storyboard */ = {
			isa = PBXVariantGroup;
			children = (
				A3169CA51BED842D00A0D428 /* Base */,
			);
			name = LaunchScreen.storyboard;
			path = .;
			sourceTree = "<group>";
		};
/* End PBXVariantGroup section */

/* Begin XCBuildConfiguration section */
		A3169CBE1BED842D00A0D428 /* Debug */ = {
			isa = XCBuildConfiguration;
			buildSettings = {
				ALWAYS_SEARCH_USER_PATHS = NO;
				CLANG_CXX_LANGUAGE_STANDARD = "gnu++0x";
				CLANG_CXX_LIBRARY = "libc++";
				CLANG_ENABLE_MODULES = YES;
				CLANG_ENABLE_OBJC_ARC = YES;
				CLANG_WARN_BOOL_CONVERSION = YES;
				CLANG_WARN_CONSTANT_CONVERSION = YES;
				CLANG_WARN_DIRECT_OBJC_ISA_USAGE = YES_ERROR;
				CLANG_WARN_EMPTY_BODY = YES;
				CLANG_WARN_ENUM_CONVERSION = YES;
				CLANG_WARN_INT_CONVERSION = YES;
				CLANG_WARN_OBJC_ROOT_CLASS = YES_ERROR;
				CLANG_WARN_UNREACHABLE_CODE = YES;
				CLANG_WARN__DUPLICATE_METHOD_MATCH = YES;
				"CODE_SIGN_IDENTITY[sdk=iphoneos*]" = "iPhone Developer";
				COPY_PHASE_STRIP = NO;
				DEBUG_INFORMATION_FORMAT = dwarf;
				ENABLE_STRICT_OBJC_MSGSEND = YES;
				ENABLE_TESTABILITY = YES;
				GCC_C_LANGUAGE_STANDARD = gnu99;
				GCC_DYNAMIC_NO_PIC = NO;
				GCC_NO_COMMON_BLOCKS = YES;
				GCC_OPTIMIZATION_LEVEL = 0;
				GCC_PREPROCESSOR_DEFINITIONS = (
					"DEBUG=1",
					"$(inherited)",
				);
				GCC_WARN_64_TO_32_BIT_CONVERSION = YES;
				GCC_WARN_ABOUT_RETURN_TYPE = YES_ERROR;
				GCC_WARN_UNDECLARED_SELECTOR = YES;
				GCC_WARN_UNINITIALIZED_AUTOS = YES_AGGRESSIVE;
				GCC_WARN_UNUSED_FUNCTION = YES;
				GCC_WARN_UNUSED_VARIABLE = YES;
				IPHONEOS_DEPLOYMENT_TARGET = 9.1;
				MTL_ENABLE_DEBUG_INFO = YES;
				ONLY_ACTIVE_ARCH = YES;
				SDKROOT = iphoneos;
				TARGETED_DEVICE_FAMILY = "1,2";
			};
			name = Debug;
		};
		A3169CBF1BED842D00A0D428 /* Release */ = {
			isa = XCBuildConfiguration;
			buildSettings = {
				ALWAYS_SEARCH_USER_PATHS = NO;
				CLANG_CXX_LANGUAGE_STANDARD = "gnu++0x";
				CLANG_CXX_LIBRARY = "libc++";
				CLANG_ENABLE_MODULES = YES;
				CLANG_ENABLE_OBJC_ARC = YES;
				CLANG_WARN_BOOL_CONVERSION = YES;
				CLANG_WARN_CONSTANT_CONVERSION = YES;
				CLANG_WARN_DIRECT_OBJC_ISA_USAGE = YES_ERROR;
				CLANG_WARN_EMPTY_BODY = YES;
				CLANG_WARN_ENUM_CONVERSION = YES;
				CLANG_WARN_INT_CONVERSION = YES;
				CLANG_WARN_OBJC_ROOT_CLASS = YES_ERROR;
				CLANG_WARN_UNREACHABLE_CODE = YES;
				CLANG_WARN__DUPLICATE_METHOD_MATCH = YES;
				"CODE_SIGN_IDENTITY[sdk=iphoneos*]" = "iPhone Developer";
				COPY_PHASE_STRIP = NO;
				DEBUG_INFORMATION_FORMAT = "dwarf-with-dsym";
				ENABLE_NS_ASSERTIONS = NO;
				ENABLE_STRICT_OBJC_MSGSEND = YES;
				GCC_C_LANGUAGE_STANDARD = gnu99;
				GCC_NO_COMMON_BLOCKS = YES;
				GCC_WARN_64_TO_32_BIT_CONVERSION = YES;
				GCC_WARN_ABOUT_RETURN_TYPE = YES_ERROR;
				GCC_WARN_UNDECLARED_SELECTOR = YES;
				GCC_WARN_UNINITIALIZED_AUTOS = YES_AGGRESSIVE;
				GCC_WARN_UNUSED_FUNCTION = YES;
				GCC_WARN_UNUSED_VARIABLE = YES;
				IPHONEOS_DEPLOYMENT_TARGET = 9.1;
				MTL_ENABLE_DEBUG_INFO = NO;
				SDKROOT = iphoneos;
				TARGETED_DEVICE_FAMILY = "1,2";
				VALIDATE_PRODUCT = YES;
			};
			name = Release;
		};
		A3169CC11BED842D00A0D428 /* Debug */ = {
			isa = XCBuildConfiguration;
			baseConfigurationReference = C0EBBD02EF13166ED3D0B34A /* Pods.debug.xcconfig */;
			buildSettings = {
				ASSETCATALOG_COMPILER_APPICON_NAME = AppIcon;
				ASSETCATALOG_COMPILER_LAUNCHIMAGE_NAME = "Brand Assets";
				CLANG_ENABLE_MODULES = YES;
				CODE_SIGN_IDENTITY = "iPhone Developer";
				"CODE_SIGN_IDENTITY[sdk=iphoneos*]" = "iPhone Developer";
				CURRENT_PROJECT_VERSION = 4;
				EMBEDDED_CONTENT_CONTAINS_SWIFT = YES;
				ENABLE_BITCODE = NO;
				FRAMEWORK_SEARCH_PATHS = (
					"$(inherited)",
					"$(PROJECT_DIR)",
				);
				GCC_PREFIX_HEADER = "Caronae/Supporting Files/PrefixHeader.pch";
				INFOPLIST_FILE = Caronae/Info.plist;
				IPHONEOS_DEPLOYMENT_TARGET = 7.1;
				LD_RUNPATH_SEARCH_PATHS = "$(inherited) @executable_path/Frameworks";
				PRODUCT_BUNDLE_IDENTIFIER = br.ufrj.caronae;
				PRODUCT_NAME = "$(TARGET_NAME)";
				PROVISIONING_PROFILE = "";
				SWIFT_OBJC_BRIDGING_HEADER = "Caronae/Supporting Files/Caronae-Bridging-Header.h";
				SWIFT_OPTIMIZATION_LEVEL = "-Onone";
				TARGETED_DEVICE_FAMILY = 1;
			};
			name = Debug;
		};
		A3169CC21BED842D00A0D428 /* Release */ = {
			isa = XCBuildConfiguration;
			baseConfigurationReference = 7A6BECEDB68F9DCBC935D1ED /* Pods.release.xcconfig */;
			buildSettings = {
				ASSETCATALOG_COMPILER_APPICON_NAME = AppIcon;
				ASSETCATALOG_COMPILER_LAUNCHIMAGE_NAME = "Brand Assets";
				CLANG_ENABLE_MODULES = YES;
				CODE_SIGN_IDENTITY = "iPhone Developer";
				"CODE_SIGN_IDENTITY[sdk=iphoneos*]" = "iPhone Developer";
				CURRENT_PROJECT_VERSION = 4;
				EMBEDDED_CONTENT_CONTAINS_SWIFT = YES;
				ENABLE_BITCODE = NO;
				FRAMEWORK_SEARCH_PATHS = (
					"$(inherited)",
					"$(PROJECT_DIR)",
				);
				GCC_PREFIX_HEADER = "Caronae/Supporting Files/PrefixHeader.pch";
				INFOPLIST_FILE = Caronae/Info.plist;
				IPHONEOS_DEPLOYMENT_TARGET = 7.1;
				LD_RUNPATH_SEARCH_PATHS = "$(inherited) @executable_path/Frameworks";
				PRODUCT_BUNDLE_IDENTIFIER = br.ufrj.caronae;
				PRODUCT_NAME = "$(TARGET_NAME)";
				PROVISIONING_PROFILE = "";
				SWIFT_OBJC_BRIDGING_HEADER = "Caronae/Supporting Files/Caronae-Bridging-Header.h";
				TARGETED_DEVICE_FAMILY = 1;
			};
			name = Release;
		};
		A3169CC41BED842D00A0D428 /* Debug */ = {
			isa = XCBuildConfiguration;
			baseConfigurationReference = C0EBBD02EF13166ED3D0B34A /* Pods.debug.xcconfig */;
			buildSettings = {
				BUNDLE_LOADER = "$(TEST_HOST)";
				FRAMEWORK_SEARCH_PATHS = (
					"$(inherited)",
					"$(PROJECT_DIR)",
				);
				HEADER_SEARCH_PATHS = (
					"$(inherited)",
					"${PODS_ROOT}/Google/Headers",
					"$(inherited)",
					"\"${PODS_ROOT}/Headers/Public\"",
					"\"${PODS_ROOT}/Headers/Public/AFNetworking\"",
					"\"${PODS_ROOT}/Headers/Public/ActionSheetPicker-3.0\"",
					"\"${PODS_ROOT}/Headers/Public/CRToast\"",
					"\"${PODS_ROOT}/Headers/Public/GGLInstanceID\"",
					"\"${PODS_ROOT}/Headers/Public/Google\"",
					"\"${PODS_ROOT}/Headers/Public/GoogleCloudMessaging\"",
					"\"${PODS_ROOT}/Headers/Public/GoogleIPhoneUtilities\"",
					"\"${PODS_ROOT}/Headers/Public/GoogleInterchangeUtilities\"",
					"\"${PODS_ROOT}/Headers/Public/GoogleNetworkingUtilities\"",
					"\"${PODS_ROOT}/Headers/Public/GoogleSymbolUtilities\"",
					"\"${PODS_ROOT}/Headers/Public/GoogleUtilities\"",
					"\"${PODS_ROOT}/Headers/Public/Mantle\"",
					"\"${PODS_ROOT}/Headers/Public/RBBAnimation\"",
					"\"${PODS_ROOT}/Headers/Public/SDCAlertView\"",
					"\"${PODS_ROOT}/Headers/Public/SDCAutoLayout\"",
					"\"${PODS_ROOT}/Headers/Public/SDWebImage\"",
					"\"${PODS_ROOT}/Headers/Public/SHSPhoneComponent\"",
					"\"${PODS_ROOT}/Headers/Public/SVProgressHUD\"",
					"\"${PODS_ROOT}/Headers/Public/TPKeyboardAvoiding\"",
				);
				INFOPLIST_FILE = CaronaeTests/Info.plist;
				LD_RUNPATH_SEARCH_PATHS = "$(inherited) @executable_path/Frameworks @loader_path/Frameworks";
				PRODUCT_BUNDLE_IDENTIFIER = br.ufrj.caronae.tests;
				PRODUCT_NAME = "$(TARGET_NAME)";
				TEST_HOST = "$(BUILT_PRODUCTS_DIR)/Caronae.app/Caronae";
			};
			name = Debug;
		};
		A3169CC51BED842D00A0D428 /* Release */ = {
			isa = XCBuildConfiguration;
			baseConfigurationReference = 7A6BECEDB68F9DCBC935D1ED /* Pods.release.xcconfig */;
			buildSettings = {
				BUNDLE_LOADER = "$(TEST_HOST)";
				FRAMEWORK_SEARCH_PATHS = (
					"$(inherited)",
					"$(PROJECT_DIR)",
				);
				HEADER_SEARCH_PATHS = (
					"$(inherited)",
					"${PODS_ROOT}/Google/Headers",
					"$(inherited)",
					"\"${PODS_ROOT}/Headers/Public\"",
					"\"${PODS_ROOT}/Headers/Public/AFNetworking\"",
					"\"${PODS_ROOT}/Headers/Public/ActionSheetPicker-3.0\"",
					"\"${PODS_ROOT}/Headers/Public/CRToast\"",
					"\"${PODS_ROOT}/Headers/Public/GGLInstanceID\"",
					"\"${PODS_ROOT}/Headers/Public/Google\"",
					"\"${PODS_ROOT}/Headers/Public/GoogleCloudMessaging\"",
					"\"${PODS_ROOT}/Headers/Public/GoogleIPhoneUtilities\"",
					"\"${PODS_ROOT}/Headers/Public/GoogleInterchangeUtilities\"",
					"\"${PODS_ROOT}/Headers/Public/GoogleNetworkingUtilities\"",
					"\"${PODS_ROOT}/Headers/Public/GoogleSymbolUtilities\"",
					"\"${PODS_ROOT}/Headers/Public/GoogleUtilities\"",
					"\"${PODS_ROOT}/Headers/Public/Mantle\"",
					"\"${PODS_ROOT}/Headers/Public/RBBAnimation\"",
					"\"${PODS_ROOT}/Headers/Public/SDCAlertView\"",
					"\"${PODS_ROOT}/Headers/Public/SDCAutoLayout\"",
					"\"${PODS_ROOT}/Headers/Public/SDWebImage\"",
					"\"${PODS_ROOT}/Headers/Public/SHSPhoneComponent\"",
					"\"${PODS_ROOT}/Headers/Public/SVProgressHUD\"",
					"\"${PODS_ROOT}/Headers/Public/TPKeyboardAvoiding\"",
				);
				INFOPLIST_FILE = CaronaeTests/Info.plist;
				LD_RUNPATH_SEARCH_PATHS = "$(inherited) @executable_path/Frameworks @loader_path/Frameworks";
				PRODUCT_BUNDLE_IDENTIFIER = br.ufrj.caronae.tests;
				PRODUCT_NAME = "$(TARGET_NAME)";
				TEST_HOST = "$(BUILT_PRODUCTS_DIR)/Caronae.app/Caronae";
			};
			name = Release;
		};
/* End XCBuildConfiguration section */

/* Begin XCConfigurationList section */
		A3169C8B1BED842D00A0D428 /* Build configuration list for PBXProject "Caronae" */ = {
			isa = XCConfigurationList;
			buildConfigurations = (
				A3169CBE1BED842D00A0D428 /* Debug */,
				A3169CBF1BED842D00A0D428 /* Release */,
			);
			defaultConfigurationIsVisible = 0;
			defaultConfigurationName = Release;
		};
		A3169CC01BED842D00A0D428 /* Build configuration list for PBXNativeTarget "Caronae" */ = {
			isa = XCConfigurationList;
			buildConfigurations = (
				A3169CC11BED842D00A0D428 /* Debug */,
				A3169CC21BED842D00A0D428 /* Release */,
			);
			defaultConfigurationIsVisible = 0;
			defaultConfigurationName = Release;
		};
		A3169CC31BED842D00A0D428 /* Build configuration list for PBXNativeTarget "CaronaeTests" */ = {
			isa = XCConfigurationList;
			buildConfigurations = (
				A3169CC41BED842D00A0D428 /* Debug */,
				A3169CC51BED842D00A0D428 /* Release */,
			);
			defaultConfigurationIsVisible = 0;
			defaultConfigurationName = Release;
		};
/* End XCConfigurationList section */

/* Begin XCVersionGroup section */
		A3169C9F1BED842D00A0D428 /* Caronae.xcdatamodeld */ = {
			isa = XCVersionGroup;
			children = (
				A3C55BDB1C5FD1B700C84204 /* Caronae 2.xcdatamodel */,
				A38598401C66D79300279D6F /* Caronae 3.xcdatamodel */,
				A3169CA01BED842D00A0D428 /* Caronae.xcdatamodel */,
			);
			currentVersion = A38598401C66D79300279D6F /* Caronae 3.xcdatamodel */;
			path = Caronae.xcdatamodeld;
			sourceTree = "<group>";
			versionGroupType = wrapper.xcdatamodel;
		};
/* End XCVersionGroup section */
	};
	rootObject = A3169C881BED842D00A0D428 /* Project object */;
}
